// !$*UTF8*$!
{
   archiveVersion = "1";
   objectVersion = "46";
   objects = {
      "OBJ_1" = {
         isa = "PBXProject";
         attributes = {
            LastUpgradeCheck = "9999";
         };
         buildConfigurationList = "OBJ_2";
         compatibilityVersion = "Xcode 3.2";
         developmentRegion = "English";
         hasScannedForEncodings = "0";
         knownRegions = (
            "en"
         );
         mainGroup = "OBJ_5";
         productRefGroup = "OBJ_128";
         projectDirPath = ".";
         targets = (
            "swift-nio::CNIOAtomics",
            "swift-nio::CNIODarwin",
            "swift-nio::CNIOHTTPParser",
            "swift-nio::CNIOLinux",
            "swift-nio::CNIOSHA1",
            "swift-nio::CNIOZlib",
            "swift-learn::GCDLearn",
            "swift-nio::NIO",
            "swift-nio::NIOConcurrencyHelpers",
            "swift-nio::NIOHTTP1",
            "swift-nio::NIOPriorityQueue",
            "swift-learn::NonBlockingFileIO-learn",
            "swift-learn::SwiftPMPackageDescription",
            "swift-nio::SwiftPMPackageDescription"
         );
      };
      "OBJ_10" = {
         isa = "PBXGroup";
         children = (
            "OBJ_11"
         );
         name = "GCDLearn";
         path = "Sources/GCDLearn";
         sourceTree = "SOURCE_ROOT";
      };
      "OBJ_100" = {
         isa = "PBXFileReference";
         path = "NonBlockingFileIO.swift";
         sourceTree = "<group>";
      };
      "OBJ_101" = {
         isa = "PBXFileReference";
         path = "PendingDatagramWritesManager.swift";
         sourceTree = "<group>";
      };
      "OBJ_102" = {
         isa = "PBXFileReference";
         path = "PendingWritesManager.swift";
         sourceTree = "<group>";
      };
      "OBJ_103" = {
         isa = "PBXFileReference";
         path = "PriorityQueue.swift";
         sourceTree = "<group>";
      };
      "OBJ_104" = {
         isa = "PBXFileReference";
         path = "RecvByteBufferAllocator.swift";
         sourceTree = "<group>";
      };
      "OBJ_105" = {
         isa = "PBXFileReference";
         path = "Resolver.swift";
         sourceTree = "<group>";
      };
      "OBJ_106" = {
         isa = "PBXFileReference";
         path = "Selectable.swift";
         sourceTree = "<group>";
      };
      "OBJ_107" = {
         isa = "PBXFileReference";
         path = "Selector.swift";
         sourceTree = "<group>";
      };
      "OBJ_108" = {
         isa = "PBXFileReference";
         path = "ServerSocket.swift";
         sourceTree = "<group>";
      };
      "OBJ_109" = {
         isa = "PBXFileReference";
         path = "Socket.swift";
         sourceTree = "<group>";
      };
      "OBJ_11" = {
         isa = "PBXFileReference";
         path = "main.swift";
         sourceTree = "<group>";
      };
      "OBJ_110" = {
         isa = "PBXFileReference";
         path = "SocketAddresses.swift";
         sourceTree = "<group>";
      };
      "OBJ_111" = {
         isa = "PBXFileReference";
         path = "SocketChannel.swift";
         sourceTree = "<group>";
      };
      "OBJ_112" = {
         isa = "PBXFileReference";
         path = "SocketOptionProvider.swift";
         sourceTree = "<group>";
      };
      "OBJ_113" = {
         isa = "PBXFileReference";
         path = "System.swift";
         sourceTree = "<group>";
      };
      "OBJ_114" = {
         isa = "PBXFileReference";
         path = "Thread.swift";
         sourceTree = "<group>";
      };
      "OBJ_115" = {
         isa = "PBXFileReference";
         path = "TypeAssistedChannelHandler.swift";
         sourceTree = "<group>";
      };
      "OBJ_116" = {
         isa = "PBXFileReference";
         path = "Utilities.swift";
         sourceTree = "<group>";
      };
      "OBJ_117" = {
         isa = "PBXGroup";
         children = (
            "OBJ_118",
            "OBJ_119"
         );
         name = "NIOPriorityQueue";
         path = ".build/checkouts/swift-nio.git-1773776129563060444/Sources/NIOPriorityQueue";
         sourceTree = "SOURCE_ROOT";
      };
      "OBJ_118" = {
         isa = "PBXFileReference";
         path = "Heap.swift";
         sourceTree = "<group>";
      };
      "OBJ_119" = {
         isa = "PBXFileReference";
         path = "PriorityQueue.swift";
         sourceTree = "<group>";
      };
      "OBJ_12" = {
         isa = "PBXGroup";
         children = (
         );
         name = "Tests";
         path = "";
         sourceTree = "SOURCE_ROOT";
      };
      "OBJ_120" = {
         isa = "PBXGroup";
         children = (
         );
         name = "NIOChatServer";
         path = ".build/checkouts/swift-nio.git-1773776129563060444/Sources/NIOChatServer";
         sourceTree = "SOURCE_ROOT";
      };
      "OBJ_121" = {
         isa = "PBXGroup";
         children = (
            "OBJ_122",
            "OBJ_123"
         );
         name = "CNIOHTTPParser";
         path = ".build/checkouts/swift-nio.git-1773776129563060444/Sources/CNIOHTTPParser";
         sourceTree = "SOURCE_ROOT";
      };
      "OBJ_122" = {
         isa = "PBXFileReference";
         path = "c_nio_http_parser.c";
         sourceTree = "<group>";
      };
      "OBJ_123" = {
         isa = "PBXGroup";
         children = (
            "OBJ_124",
            "OBJ_125"
         );
         name = "include";
         path = "include";
         sourceTree = "<group>";
      };
      "OBJ_124" = {
         isa = "PBXFileReference";
         path = "c_nio_http_parser.h";
         sourceTree = "<group>";
      };
      "OBJ_125" = {
         isa = "PBXFileReference";
         path = "CNIOHTTPParser.h";
         sourceTree = "<group>";
      };
      "OBJ_126" = {
         isa = "PBXGroup";
         children = (
         );
         name = "NIOMulticastChat";
         path = ".build/checkouts/swift-nio.git-1773776129563060444/Sources/NIOMulticastChat";
         sourceTree = "SOURCE_ROOT";
      };
      "OBJ_127" = {
         isa = "PBXFileReference";
         explicitFileType = "sourcecode.swift";
         name = "Package.swift";
         path = "/Users/jack/swift-learn/.build/checkouts/swift-nio.git-1773776129563060444/Package.swift";
         sourceTree = "<group>";
      };
      "OBJ_128" = {
         isa = "PBXGroup";
         children = (
            "swift-learn::GCDLearn::Product",
            "swift-nio::NIOPriorityQueue::Product",
            "swift-nio::NIO::Product",
            "swift-nio::CNIOZlib::Product",
            "swift-nio::CNIOSHA1::Product",
            "swift-learn::NonBlockingFileIO-learn::Product",
            "swift-nio::CNIOHTTPParser::Product",
            "swift-nio::NIOConcurrencyHelpers::Product",
            "swift-nio::CNIOAtomics::Product",
            "swift-nio::NIOHTTP1::Product",
            "swift-nio::CNIOLinux::Product",
            "swift-nio::CNIODarwin::Product"
         );
         name = "Products";
         path = "";
         sourceTree = "BUILT_PRODUCTS_DIR";
      };
      "OBJ_13" = {
         isa = "PBXGroup";
         children = (
            "OBJ_14"
         );
         name = "Dependencies";
         path = "";
         sourceTree = "<group>";
      };
      "OBJ_14" = {
         isa = "PBXGroup";
         children = (
            "OBJ_15",
            "OBJ_16",
            "OBJ_19",
            "OBJ_25",
            "OBJ_29",
            "OBJ_30",
            "OBJ_40",
            "OBJ_41",
            "OBJ_42",
            "OBJ_43",
            "OBJ_44",
            "OBJ_50",
            "OBJ_51",
            "OBJ_55",
            "OBJ_59",
            "OBJ_60",
            "OBJ_61",
            "OBJ_117",
            "OBJ_120",
            "OBJ_121",
            "OBJ_126",
            "OBJ_127"
         );
         name = "swift-nio 1.11.0";
         path = "";
         sourceTree = "SOURCE_ROOT";
      };
      "OBJ_142" = {
         isa = "XCConfigurationList";
         buildConfigurations = (
            "OBJ_143",
            "OBJ_144"
         );
         defaultConfigurationIsVisible = "0";
         defaultConfigurationName = "Release";
      };
      "OBJ_143" = {
         isa = "XCBuildConfiguration";
         buildSettings = {
            CLANG_ENABLE_MODULES = "YES";
            DEFINES_MODULE = "YES";
            ENABLE_TESTABILITY = "YES";
            FRAMEWORK_SEARCH_PATHS = (
               "$(inherited)",
               "$(PLATFORM_DIR)/Developer/Library/Frameworks"
            );
            HEADER_SEARCH_PATHS = (
               "$(inherited)",
               "$(SRCROOT)/.build/checkouts/swift-nio.git-1773776129563060444/Sources/CNIOAtomics/include",
               "$(SRCROOT)/.build/checkouts/swift-nio-zlib-support.git--7740309983312902080"
            );
            INFOPLIST_FILE = "swift-learn.xcodeproj/CNIOAtomics_Info.plist";
            LD_RUNPATH_SEARCH_PATHS = (
               "$(inherited)",
               "$(TOOLCHAIN_DIR)/usr/lib/swift/macosx"
            );
            OTHER_CFLAGS = (
               "$(inherited)"
            );
            OTHER_LDFLAGS = (
               "$(inherited)",
               "-lz"
            );
            OTHER_SWIFT_FLAGS = (
               "$(inherited)"
            );
            PRODUCT_BUNDLE_IDENTIFIER = "CNIOAtomics";
            PRODUCT_MODULE_NAME = "$(TARGET_NAME:c99extidentifier)";
            PRODUCT_NAME = "$(TARGET_NAME:c99extidentifier)";
            SKIP_INSTALL = "YES";
            SWIFT_ACTIVE_COMPILATION_CONDITIONS = (
               "$(inherited)"
            );
            TARGET_NAME = "CNIOAtomics";
         };
         name = "Debug";
      };
      "OBJ_144" = {
         isa = "XCBuildConfiguration";
         buildSettings = {
            CLANG_ENABLE_MODULES = "YES";
            DEFINES_MODULE = "YES";
            ENABLE_TESTABILITY = "YES";
            FRAMEWORK_SEARCH_PATHS = (
               "$(inherited)",
               "$(PLATFORM_DIR)/Developer/Library/Frameworks"
            );
            HEADER_SEARCH_PATHS = (
               "$(inherited)",
               "$(SRCROOT)/.build/checkouts/swift-nio.git-1773776129563060444/Sources/CNIOAtomics/include",
               "$(SRCROOT)/.build/checkouts/swift-nio-zlib-support.git--7740309983312902080"
            );
            INFOPLIST_FILE = "swift-learn.xcodeproj/CNIOAtomics_Info.plist";
            LD_RUNPATH_SEARCH_PATHS = (
               "$(inherited)",
               "$(TOOLCHAIN_DIR)/usr/lib/swift/macosx"
            );
            OTHER_CFLAGS = (
               "$(inherited)"
            );
            OTHER_LDFLAGS = (
               "$(inherited)",
               "-lz"
            );
            OTHER_SWIFT_FLAGS = (
               "$(inherited)"
            );
            PRODUCT_BUNDLE_IDENTIFIER = "CNIOAtomics";
            PRODUCT_MODULE_NAME = "$(TARGET_NAME:c99extidentifier)";
            PRODUCT_NAME = "$(TARGET_NAME:c99extidentifier)";
            SKIP_INSTALL = "YES";
            SWIFT_ACTIVE_COMPILATION_CONDITIONS = (
               "$(inherited)"
            );
            TARGET_NAME = "CNIOAtomics";
         };
         name = "Release";
      };
      "OBJ_145" = {
         isa = "PBXSourcesBuildPhase";
         files = (
            "OBJ_146"
         );
      };
      "OBJ_146" = {
         isa = "PBXBuildFile";
         fileRef = "OBJ_21";
      };
      "OBJ_147" = {
         isa = "PBXHeadersBuildPhase";
         files = (
            "OBJ_148",
            "OBJ_149"
         );
      };
      "OBJ_148" = {
         isa = "PBXBuildFile";
         fileRef = "OBJ_23";
         settings = {
            ATTRIBUTES = (
               "Public"
            );
         };
      };
      "OBJ_149" = {
         isa = "PBXBuildFile";
         fileRef = "OBJ_24";
         settings = {
            ATTRIBUTES = (
               "Public"
            );
         };
      };
      "OBJ_15" = {
         isa = "PBXGroup";
         children = (
         );
         name = "NIOWebSocketServer";
         path = ".build/checkouts/swift-nio.git-1773776129563060444/Sources/NIOWebSocketServer";
         sourceTree = "SOURCE_ROOT";
      };
      "OBJ_150" = {
         isa = "PBXFrameworksBuildPhase";
         files = (
         );
      };
      "OBJ_152" = {
         isa = "XCConfigurationList";
         buildConfigurations = (
            "OBJ_153",
            "OBJ_154"
         );
         defaultConfigurationIsVisible = "0";
         defaultConfigurationName = "Release";
      };
      "OBJ_153" = {
         isa = "XCBuildConfiguration";
         buildSettings = {
            CLANG_ENABLE_MODULES = "YES";
            DEFINES_MODULE = "YES";
            ENABLE_TESTABILITY = "YES";
            FRAMEWORK_SEARCH_PATHS = (
               "$(inherited)",
               "$(PLATFORM_DIR)/Developer/Library/Frameworks"
            );
            HEADER_SEARCH_PATHS = (
               "$(inherited)",
               "$(SRCROOT)/.build/checkouts/swift-nio.git-1773776129563060444/Sources/CNIODarwin/include",
               "$(SRCROOT)/.build/checkouts/swift-nio-zlib-support.git--7740309983312902080"
            );
            INFOPLIST_FILE = "swift-learn.xcodeproj/CNIODarwin_Info.plist";
            LD_RUNPATH_SEARCH_PATHS = (
               "$(inherited)",
               "$(TOOLCHAIN_DIR)/usr/lib/swift/macosx"
            );
            OTHER_CFLAGS = (
               "$(inherited)"
            );
            OTHER_LDFLAGS = (
               "$(inherited)",
               "-lz"
            );
            OTHER_SWIFT_FLAGS = (
               "$(inherited)"
            );
            PRODUCT_BUNDLE_IDENTIFIER = "CNIODarwin";
            PRODUCT_MODULE_NAME = "$(TARGET_NAME:c99extidentifier)";
            PRODUCT_NAME = "$(TARGET_NAME:c99extidentifier)";
            SKIP_INSTALL = "YES";
            SWIFT_ACTIVE_COMPILATION_CONDITIONS = (
               "$(inherited)"
            );
            TARGET_NAME = "CNIODarwin";
         };
         name = "Debug";
      };
      "OBJ_154" = {
         isa = "XCBuildConfiguration";
         buildSettings = {
            CLANG_ENABLE_MODULES = "YES";
            DEFINES_MODULE = "YES";
            ENABLE_TESTABILITY = "YES";
            FRAMEWORK_SEARCH_PATHS = (
               "$(inherited)",
               "$(PLATFORM_DIR)/Developer/Library/Frameworks"
            );
            HEADER_SEARCH_PATHS = (
               "$(inherited)",
               "$(SRCROOT)/.build/checkouts/swift-nio.git-1773776129563060444/Sources/CNIODarwin/include",
               "$(SRCROOT)/.build/checkouts/swift-nio-zlib-support.git--7740309983312902080"
            );
            INFOPLIST_FILE = "swift-learn.xcodeproj/CNIODarwin_Info.plist";
            LD_RUNPATH_SEARCH_PATHS = (
               "$(inherited)",
               "$(TOOLCHAIN_DIR)/usr/lib/swift/macosx"
            );
            OTHER_CFLAGS = (
               "$(inherited)"
            );
            OTHER_LDFLAGS = (
               "$(inherited)",
               "-lz"
            );
            OTHER_SWIFT_FLAGS = (
               "$(inherited)"
            );
            PRODUCT_BUNDLE_IDENTIFIER = "CNIODarwin";
            PRODUCT_MODULE_NAME = "$(TARGET_NAME:c99extidentifier)";
            PRODUCT_NAME = "$(TARGET_NAME:c99extidentifier)";
            SKIP_INSTALL = "YES";
            SWIFT_ACTIVE_COMPILATION_CONDITIONS = (
               "$(inherited)"
            );
            TARGET_NAME = "CNIODarwin";
         };
         name = "Release";
      };
      "OBJ_155" = {
         isa = "PBXSourcesBuildPhase";
         files = (
            "OBJ_156"
         );
      };
      "OBJ_156" = {
         isa = "PBXBuildFile";
         fileRef = "OBJ_56";
      };
      "OBJ_157" = {
         isa = "PBXHeadersBuildPhase";
         files = (
            "OBJ_158"
         );
      };
      "OBJ_158" = {
         isa = "PBXBuildFile";
         fileRef = "OBJ_58";
         settings = {
            ATTRIBUTES = (
               "Public"
            );
         };
      };
      "OBJ_159" = {
         isa = "PBXFrameworksBuildPhase";
         files = (
         );
      };
      "OBJ_16" = {
         isa = "PBXGroup";
         children = (
            "OBJ_17",
            "OBJ_18"
         );
         name = "NIOConcurrencyHelpers";
         path = ".build/checkouts/swift-nio.git-1773776129563060444/Sources/NIOConcurrencyHelpers";
         sourceTree = "SOURCE_ROOT";
      };
      "OBJ_161" = {
         isa = "XCConfigurationList";
         buildConfigurations = (
            "OBJ_162",
            "OBJ_163"
         );
         defaultConfigurationIsVisible = "0";
         defaultConfigurationName = "Release";
      };
      "OBJ_162" = {
         isa = "XCBuildConfiguration";
         buildSettings = {
            CLANG_ENABLE_MODULES = "YES";
            DEFINES_MODULE = "YES";
            ENABLE_TESTABILITY = "YES";
            FRAMEWORK_SEARCH_PATHS = (
               "$(inherited)",
               "$(PLATFORM_DIR)/Developer/Library/Frameworks"
            );
            HEADER_SEARCH_PATHS = (
               "$(inherited)",
               "$(SRCROOT)/.build/checkouts/swift-nio.git-1773776129563060444/Sources/CNIOHTTPParser/include",
               "$(SRCROOT)/.build/checkouts/swift-nio-zlib-support.git--7740309983312902080"
            );
            INFOPLIST_FILE = "swift-learn.xcodeproj/CNIOHTTPParser_Info.plist";
            LD_RUNPATH_SEARCH_PATHS = (
               "$(inherited)",
               "$(TOOLCHAIN_DIR)/usr/lib/swift/macosx"
            );
            OTHER_CFLAGS = (
               "$(inherited)"
            );
            OTHER_LDFLAGS = (
               "$(inherited)",
               "-lz"
            );
            OTHER_SWIFT_FLAGS = (
               "$(inherited)"
            );
            PRODUCT_BUNDLE_IDENTIFIER = "CNIOHTTPParser";
            PRODUCT_MODULE_NAME = "$(TARGET_NAME:c99extidentifier)";
            PRODUCT_NAME = "$(TARGET_NAME:c99extidentifier)";
            SKIP_INSTALL = "YES";
            SWIFT_ACTIVE_COMPILATION_CONDITIONS = (
               "$(inherited)"
            );
            TARGET_NAME = "CNIOHTTPParser";
         };
         name = "Debug";
      };
      "OBJ_163" = {
         isa = "XCBuildConfiguration";
         buildSettings = {
            CLANG_ENABLE_MODULES = "YES";
            DEFINES_MODULE = "YES";
            ENABLE_TESTABILITY = "YES";
            FRAMEWORK_SEARCH_PATHS = (
               "$(inherited)",
               "$(PLATFORM_DIR)/Developer/Library/Frameworks"
            );
            HEADER_SEARCH_PATHS = (
               "$(inherited)",
               "$(SRCROOT)/.build/checkouts/swift-nio.git-1773776129563060444/Sources/CNIOHTTPParser/include",
               "$(SRCROOT)/.build/checkouts/swift-nio-zlib-support.git--7740309983312902080"
            );
            INFOPLIST_FILE = "swift-learn.xcodeproj/CNIOHTTPParser_Info.plist";
            LD_RUNPATH_SEARCH_PATHS = (
               "$(inherited)",
               "$(TOOLCHAIN_DIR)/usr/lib/swift/macosx"
            );
            OTHER_CFLAGS = (
               "$(inherited)"
            );
            OTHER_LDFLAGS = (
               "$(inherited)",
               "-lz"
            );
            OTHER_SWIFT_FLAGS = (
               "$(inherited)"
            );
            PRODUCT_BUNDLE_IDENTIFIER = "CNIOHTTPParser";
            PRODUCT_MODULE_NAME = "$(TARGET_NAME:c99extidentifier)";
            PRODUCT_NAME = "$(TARGET_NAME:c99extidentifier)";
            SKIP_INSTALL = "YES";
            SWIFT_ACTIVE_COMPILATION_CONDITIONS = (
               "$(inherited)"
            );
            TARGET_NAME = "CNIOHTTPParser";
         };
         name = "Release";
      };
      "OBJ_164" = {
         isa = "PBXSourcesBuildPhase";
         files = (
            "OBJ_165"
         );
      };
      "OBJ_165" = {
         isa = "PBXBuildFile";
         fileRef = "OBJ_122";
      };
      "OBJ_166" = {
         isa = "PBXHeadersBuildPhase";
         files = (
            "OBJ_167",
            "OBJ_168"
         );
      };
      "OBJ_167" = {
         isa = "PBXBuildFile";
         fileRef = "OBJ_124";
         settings = {
            ATTRIBUTES = (
               "Public"
            );
         };
      };
      "OBJ_168" = {
         isa = "PBXBuildFile";
         fileRef = "OBJ_125";
         settings = {
            ATTRIBUTES = (
               "Public"
            );
         };
      };
      "OBJ_169" = {
         isa = "PBXFrameworksBuildPhase";
         files = (
         );
      };
      "OBJ_17" = {
         isa = "PBXFileReference";
         path = "atomics.swift";
         sourceTree = "<group>";
      };
      "OBJ_171" = {
         isa = "XCConfigurationList";
         buildConfigurations = (
            "OBJ_172",
            "OBJ_173"
         );
         defaultConfigurationIsVisible = "0";
         defaultConfigurationName = "Release";
      };
      "OBJ_172" = {
         isa = "XCBuildConfiguration";
         buildSettings = {
            CLANG_ENABLE_MODULES = "YES";
            DEFINES_MODULE = "YES";
            ENABLE_TESTABILITY = "YES";
            FRAMEWORK_SEARCH_PATHS = (
               "$(inherited)",
               "$(PLATFORM_DIR)/Developer/Library/Frameworks"
            );
            HEADER_SEARCH_PATHS = (
               "$(inherited)",
               "$(SRCROOT)/.build/checkouts/swift-nio.git-1773776129563060444/Sources/CNIOLinux/include",
               "$(SRCROOT)/.build/checkouts/swift-nio-zlib-support.git--7740309983312902080"
            );
            INFOPLIST_FILE = "swift-learn.xcodeproj/CNIOLinux_Info.plist";
            LD_RUNPATH_SEARCH_PATHS = (
               "$(inherited)",
               "$(TOOLCHAIN_DIR)/usr/lib/swift/macosx"
            );
            OTHER_CFLAGS = (
               "$(inherited)"
            );
            OTHER_LDFLAGS = (
               "$(inherited)",
               "-lz"
            );
            OTHER_SWIFT_FLAGS = (
               "$(inherited)"
            );
            PRODUCT_BUNDLE_IDENTIFIER = "CNIOLinux";
            PRODUCT_MODULE_NAME = "$(TARGET_NAME:c99extidentifier)";
            PRODUCT_NAME = "$(TARGET_NAME:c99extidentifier)";
            SKIP_INSTALL = "YES";
            SWIFT_ACTIVE_COMPILATION_CONDITIONS = (
               "$(inherited)"
            );
            TARGET_NAME = "CNIOLinux";
         };
         name = "Debug";
      };
      "OBJ_173" = {
         isa = "XCBuildConfiguration";
         buildSettings = {
            CLANG_ENABLE_MODULES = "YES";
            DEFINES_MODULE = "YES";
            ENABLE_TESTABILITY = "YES";
            FRAMEWORK_SEARCH_PATHS = (
               "$(inherited)",
               "$(PLATFORM_DIR)/Developer/Library/Frameworks"
            );
            HEADER_SEARCH_PATHS = (
               "$(inherited)",
               "$(SRCROOT)/.build/checkouts/swift-nio.git-1773776129563060444/Sources/CNIOLinux/include",
               "$(SRCROOT)/.build/checkouts/swift-nio-zlib-support.git--7740309983312902080"
            );
            INFOPLIST_FILE = "swift-learn.xcodeproj/CNIOLinux_Info.plist";
            LD_RUNPATH_SEARCH_PATHS = (
               "$(inherited)",
               "$(TOOLCHAIN_DIR)/usr/lib/swift/macosx"
            );
            OTHER_CFLAGS = (
               "$(inherited)"
            );
            OTHER_LDFLAGS = (
               "$(inherited)",
               "-lz"
            );
            OTHER_SWIFT_FLAGS = (
               "$(inherited)"
            );
            PRODUCT_BUNDLE_IDENTIFIER = "CNIOLinux";
            PRODUCT_MODULE_NAME = "$(TARGET_NAME:c99extidentifier)";
            PRODUCT_NAME = "$(TARGET_NAME:c99extidentifier)";
            SKIP_INSTALL = "YES";
            SWIFT_ACTIVE_COMPILATION_CONDITIONS = (
               "$(inherited)"
            );
            TARGET_NAME = "CNIOLinux";
         };
         name = "Release";
      };
      "OBJ_174" = {
         isa = "PBXSourcesBuildPhase";
         files = (
            "OBJ_175",
            "OBJ_176"
         );
      };
      "OBJ_175" = {
         isa = "PBXBuildFile";
         fileRef = "OBJ_45";
      };
      "OBJ_176" = {
         isa = "PBXBuildFile";
         fileRef = "OBJ_46";
      };
      "OBJ_177" = {
         isa = "PBXHeadersBuildPhase";
         files = (
            "OBJ_178",
            "OBJ_179"
         );
      };
      "OBJ_178" = {
         isa = "PBXBuildFile";
         fileRef = "OBJ_48";
         settings = {
            ATTRIBUTES = (
               "Public"
            );
         };
      };
      "OBJ_179" = {
         isa = "PBXBuildFile";
         fileRef = "OBJ_49";
         settings = {
            ATTRIBUTES = (
               "Public"
            );
         };
      };
      "OBJ_18" = {
         isa = "PBXFileReference";
         path = "lock.swift";
         sourceTree = "<group>";
      };
      "OBJ_180" = {
         isa = "PBXFrameworksBuildPhase";
         files = (
         );
      };
      "OBJ_182" = {
         isa = "XCConfigurationList";
         buildConfigurations = (
            "OBJ_183",
            "OBJ_184"
         );
         defaultConfigurationIsVisible = "0";
         defaultConfigurationName = "Release";
      };
      "OBJ_183" = {
         isa = "XCBuildConfiguration";
         buildSettings = {
            CLANG_ENABLE_MODULES = "YES";
            DEFINES_MODULE = "YES";
            ENABLE_TESTABILITY = "YES";
            FRAMEWORK_SEARCH_PATHS = (
               "$(inherited)",
               "$(PLATFORM_DIR)/Developer/Library/Frameworks"
            );
            HEADER_SEARCH_PATHS = (
               "$(inherited)",
               "$(SRCROOT)/.build/checkouts/swift-nio.git-1773776129563060444/Sources/CNIOSHA1/include",
               "$(SRCROOT)/.build/checkouts/swift-nio-zlib-support.git--7740309983312902080"
            );
            INFOPLIST_FILE = "swift-learn.xcodeproj/CNIOSHA1_Info.plist";
            LD_RUNPATH_SEARCH_PATHS = (
               "$(inherited)",
               "$(TOOLCHAIN_DIR)/usr/lib/swift/macosx"
            );
            OTHER_CFLAGS = (
               "$(inherited)"
            );
            OTHER_LDFLAGS = (
               "$(inherited)",
               "-lz"
            );
            OTHER_SWIFT_FLAGS = (
               "$(inherited)"
            );
            PRODUCT_BUNDLE_IDENTIFIER = "CNIOSHA1";
            PRODUCT_MODULE_NAME = "$(TARGET_NAME:c99extidentifier)";
            PRODUCT_NAME = "$(TARGET_NAME:c99extidentifier)";
            SKIP_INSTALL = "YES";
            SWIFT_ACTIVE_COMPILATION_CONDITIONS = (
               "$(inherited)"
            );
            TARGET_NAME = "CNIOSHA1";
         };
         name = "Debug";
      };
      "OBJ_184" = {
         isa = "XCBuildConfiguration";
         buildSettings = {
            CLANG_ENABLE_MODULES = "YES";
            DEFINES_MODULE = "YES";
            ENABLE_TESTABILITY = "YES";
            FRAMEWORK_SEARCH_PATHS = (
               "$(inherited)",
               "$(PLATFORM_DIR)/Developer/Library/Frameworks"
            );
            HEADER_SEARCH_PATHS = (
               "$(inherited)",
               "$(SRCROOT)/.build/checkouts/swift-nio.git-1773776129563060444/Sources/CNIOSHA1/include",
               "$(SRCROOT)/.build/checkouts/swift-nio-zlib-support.git--7740309983312902080"
            );
            INFOPLIST_FILE = "swift-learn.xcodeproj/CNIOSHA1_Info.plist";
            LD_RUNPATH_SEARCH_PATHS = (
               "$(inherited)",
               "$(TOOLCHAIN_DIR)/usr/lib/swift/macosx"
            );
            OTHER_CFLAGS = (
               "$(inherited)"
            );
            OTHER_LDFLAGS = (
               "$(inherited)",
               "-lz"
            );
            OTHER_SWIFT_FLAGS = (
               "$(inherited)"
            );
            PRODUCT_BUNDLE_IDENTIFIER = "CNIOSHA1";
            PRODUCT_MODULE_NAME = "$(TARGET_NAME:c99extidentifier)";
            PRODUCT_NAME = "$(TARGET_NAME:c99extidentifier)";
            SKIP_INSTALL = "YES";
            SWIFT_ACTIVE_COMPILATION_CONDITIONS = (
               "$(inherited)"
            );
            TARGET_NAME = "CNIOSHA1";
         };
         name = "Release";
      };
      "OBJ_185" = {
         isa = "PBXSourcesBuildPhase";
         files = (
            "OBJ_186"
         );
      };
      "OBJ_186" = {
         isa = "PBXBuildFile";
         fileRef = "OBJ_52";
      };
      "OBJ_187" = {
         isa = "PBXHeadersBuildPhase";
         files = (
            "OBJ_188"
         );
      };
      "OBJ_188" = {
         isa = "PBXBuildFile";
         fileRef = "OBJ_54";
         settings = {
            ATTRIBUTES = (
               "Public"
            );
         };
      };
      "OBJ_189" = {
         isa = "PBXFrameworksBuildPhase";
         files = (
         );
      };
      "OBJ_19" = {
         isa = "PBXGroup";
         children = (
            "OBJ_20",
            "OBJ_22"
         );
         name = "CNIOAtomics";
         path = ".build/checkouts/swift-nio.git-1773776129563060444/Sources/CNIOAtomics";
         sourceTree = "SOURCE_ROOT";
      };
      "OBJ_191" = {
         isa = "XCConfigurationList";
         buildConfigurations = (
            "OBJ_192",
            "OBJ_193"
         );
         defaultConfigurationIsVisible = "0";
         defaultConfigurationName = "Release";
      };
      "OBJ_192" = {
         isa = "XCBuildConfiguration";
         buildSettings = {
            CLANG_ENABLE_MODULES = "YES";
            DEFINES_MODULE = "YES";
            ENABLE_TESTABILITY = "YES";
            FRAMEWORK_SEARCH_PATHS = (
               "$(inherited)",
               "$(PLATFORM_DIR)/Developer/Library/Frameworks"
            );
            HEADER_SEARCH_PATHS = (
               "$(inherited)",
               "$(SRCROOT)/.build/checkouts/swift-nio.git-1773776129563060444/Sources/CNIOZlib/include",
               "$(SRCROOT)/.build/checkouts/swift-nio-zlib-support.git--7740309983312902080"
            );
            INFOPLIST_FILE = "swift-learn.xcodeproj/CNIOZlib_Info.plist";
            LD_RUNPATH_SEARCH_PATHS = (
               "$(inherited)",
               "$(TOOLCHAIN_DIR)/usr/lib/swift/macosx"
            );
            OTHER_CFLAGS = (
               "$(inherited)"
            );
            OTHER_LDFLAGS = (
               "$(inherited)",
               "-lz"
            );
            OTHER_SWIFT_FLAGS = (
               "$(inherited)"
            );
            PRODUCT_BUNDLE_IDENTIFIER = "CNIOZlib";
            PRODUCT_MODULE_NAME = "$(TARGET_NAME:c99extidentifier)";
            PRODUCT_NAME = "$(TARGET_NAME:c99extidentifier)";
            SKIP_INSTALL = "YES";
            SWIFT_ACTIVE_COMPILATION_CONDITIONS = (
               "$(inherited)"
            );
            TARGET_NAME = "CNIOZlib";
         };
         name = "Debug";
      };
      "OBJ_193" = {
         isa = "XCBuildConfiguration";
         buildSettings = {
            CLANG_ENABLE_MODULES = "YES";
            DEFINES_MODULE = "YES";
            ENABLE_TESTABILITY = "YES";
            FRAMEWORK_SEARCH_PATHS = (
               "$(inherited)",
               "$(PLATFORM_DIR)/Developer/Library/Frameworks"
            );
            HEADER_SEARCH_PATHS = (
               "$(inherited)",
               "$(SRCROOT)/.build/checkouts/swift-nio.git-1773776129563060444/Sources/CNIOZlib/include",
               "$(SRCROOT)/.build/checkouts/swift-nio-zlib-support.git--7740309983312902080"
            );
            INFOPLIST_FILE = "swift-learn.xcodeproj/CNIOZlib_Info.plist";
            LD_RUNPATH_SEARCH_PATHS = (
               "$(inherited)",
               "$(TOOLCHAIN_DIR)/usr/lib/swift/macosx"
            );
            OTHER_CFLAGS = (
               "$(inherited)"
            );
            OTHER_LDFLAGS = (
               "$(inherited)",
               "-lz"
            );
            OTHER_SWIFT_FLAGS = (
               "$(inherited)"
            );
            PRODUCT_BUNDLE_IDENTIFIER = "CNIOZlib";
            PRODUCT_MODULE_NAME = "$(TARGET_NAME:c99extidentifier)";
            PRODUCT_NAME = "$(TARGET_NAME:c99extidentifier)";
            SKIP_INSTALL = "YES";
            SWIFT_ACTIVE_COMPILATION_CONDITIONS = (
               "$(inherited)"
            );
            TARGET_NAME = "CNIOZlib";
         };
         name = "Release";
      };
      "OBJ_194" = {
         isa = "PBXSourcesBuildPhase";
         files = (
            "OBJ_195"
         );
      };
      "OBJ_195" = {
         isa = "PBXBuildFile";
         fileRef = "OBJ_26";
      };
      "OBJ_196" = {
         isa = "PBXHeadersBuildPhase";
         files = (
            "OBJ_197"
         );
      };
      "OBJ_197" = {
         isa = "PBXBuildFile";
         fileRef = "OBJ_28";
         settings = {
            ATTRIBUTES = (
               "Public"
            );
         };
      };
      "OBJ_198" = {
         isa = "PBXFrameworksBuildPhase";
         files = (
         );
      };
      "OBJ_2" = {
         isa = "XCConfigurationList";
         buildConfigurations = (
            "OBJ_3",
            "OBJ_4"
         );
         defaultConfigurationIsVisible = "0";
         defaultConfigurationName = "Release";
      };
      "OBJ_20" = {
         isa = "PBXGroup";
         children = (
            "OBJ_21"
         );
         name = "src";
         path = "src";
         sourceTree = "<group>";
      };
      "OBJ_200" = {
         isa = "XCConfigurationList";
         buildConfigurations = (
            "OBJ_201",
            "OBJ_202"
         );
         defaultConfigurationIsVisible = "0";
         defaultConfigurationName = "Release";
      };
      "OBJ_201" = {
         isa = "XCBuildConfiguration";
         buildSettings = {
            FRAMEWORK_SEARCH_PATHS = (
               "$(inherited)",
               "$(PLATFORM_DIR)/Developer/Library/Frameworks"
            );
            HEADER_SEARCH_PATHS = (
               "$(inherited)"
            );
            INFOPLIST_FILE = "swift-learn.xcodeproj/GCDLearn_Info.plist";
            LD_RUNPATH_SEARCH_PATHS = (
               "$(inherited)",
               "$(TOOLCHAIN_DIR)/usr/lib/swift/macosx",
               "@executable_path"
            );
            OTHER_CFLAGS = (
               "$(inherited)"
            );
            OTHER_LDFLAGS = (
               "$(inherited)"
            );
            OTHER_SWIFT_FLAGS = (
               "$(inherited)"
            );
            SWIFT_ACTIVE_COMPILATION_CONDITIONS = (
               "$(inherited)"
            );
            SWIFT_FORCE_DYNAMIC_LINK_STDLIB = "YES";
            SWIFT_FORCE_STATIC_LINK_STDLIB = "NO";
            SWIFT_VERSION = "4.2";
            TARGET_NAME = "GCDLearn";
         };
         name = "Debug";
      };
      "OBJ_202" = {
         isa = "XCBuildConfiguration";
         buildSettings = {
            FRAMEWORK_SEARCH_PATHS = (
               "$(inherited)",
               "$(PLATFORM_DIR)/Developer/Library/Frameworks"
            );
            HEADER_SEARCH_PATHS = (
               "$(inherited)"
            );
            INFOPLIST_FILE = "swift-learn.xcodeproj/GCDLearn_Info.plist";
            LD_RUNPATH_SEARCH_PATHS = (
               "$(inherited)",
               "$(TOOLCHAIN_DIR)/usr/lib/swift/macosx",
               "@executable_path"
            );
            OTHER_CFLAGS = (
               "$(inherited)"
            );
            OTHER_LDFLAGS = (
               "$(inherited)"
            );
            OTHER_SWIFT_FLAGS = (
               "$(inherited)"
            );
            SWIFT_ACTIVE_COMPILATION_CONDITIONS = (
               "$(inherited)"
            );
            SWIFT_FORCE_DYNAMIC_LINK_STDLIB = "YES";
            SWIFT_FORCE_STATIC_LINK_STDLIB = "NO";
            SWIFT_VERSION = "4.2";
            TARGET_NAME = "GCDLearn";
         };
         name = "Release";
      };
      "OBJ_203" = {
         isa = "PBXSourcesBuildPhase";
         files = (
            "OBJ_204"
         );
      };
      "OBJ_204" = {
         isa = "PBXBuildFile";
         fileRef = "OBJ_11";
      };
      "OBJ_205" = {
         isa = "PBXFrameworksBuildPhase";
         files = (
         );
      };
      "OBJ_207" = {
         isa = "XCConfigurationList";
         buildConfigurations = (
            "OBJ_208",
            "OBJ_209"
         );
         defaultConfigurationIsVisible = "0";
         defaultConfigurationName = "Release";
      };
      "OBJ_208" = {
         isa = "XCBuildConfiguration";
         buildSettings = {
            ENABLE_TESTABILITY = "YES";
            FRAMEWORK_SEARCH_PATHS = (
               "$(inherited)",
               "$(PLATFORM_DIR)/Developer/Library/Frameworks"
            );
            HEADER_SEARCH_PATHS = (
               "$(inherited)",
               "$(SRCROOT)/.build/checkouts/swift-nio.git-1773776129563060444/Sources/CNIOSHA1/include",
               "$(SRCROOT)/.build/checkouts/swift-nio.git-1773776129563060444/Sources/CNIOAtomics/include",
               "$(SRCROOT)/.build/checkouts/swift-nio.git-1773776129563060444/Sources/CNIODarwin/include",
               "$(SRCROOT)/.build/checkouts/swift-nio.git-1773776129563060444/Sources/CNIOLinux/include",
               "$(SRCROOT)/.build/checkouts/swift-nio-zlib-support.git--7740309983312902080"
            );
            INFOPLIST_FILE = "swift-learn.xcodeproj/NIO_Info.plist";
            LD_RUNPATH_SEARCH_PATHS = (
               "$(inherited)",
               "$(TOOLCHAIN_DIR)/usr/lib/swift/macosx"
            );
            OTHER_CFLAGS = (
               "$(inherited)"
            );
            OTHER_LDFLAGS = (
               "$(inherited)",
               "-lz"
            );
            OTHER_SWIFT_FLAGS = (
               "$(inherited)"
            );
            PRODUCT_BUNDLE_IDENTIFIER = "NIO";
            PRODUCT_MODULE_NAME = "$(TARGET_NAME:c99extidentifier)";
            PRODUCT_NAME = "$(TARGET_NAME:c99extidentifier)";
            SKIP_INSTALL = "YES";
            SWIFT_ACTIVE_COMPILATION_CONDITIONS = (
               "$(inherited)"
            );
            SWIFT_VERSION = "4.0";
            TARGET_NAME = "NIO";
         };
         name = "Debug";
      };
      "OBJ_209" = {
         isa = "XCBuildConfiguration";
         buildSettings = {
            ENABLE_TESTABILITY = "YES";
            FRAMEWORK_SEARCH_PATHS = (
               "$(inherited)",
               "$(PLATFORM_DIR)/Developer/Library/Frameworks"
            );
            HEADER_SEARCH_PATHS = (
               "$(inherited)",
               "$(SRCROOT)/.build/checkouts/swift-nio.git-1773776129563060444/Sources/CNIOSHA1/include",
               "$(SRCROOT)/.build/checkouts/swift-nio.git-1773776129563060444/Sources/CNIOAtomics/include",
               "$(SRCROOT)/.build/checkouts/swift-nio.git-1773776129563060444/Sources/CNIODarwin/include",
               "$(SRCROOT)/.build/checkouts/swift-nio.git-1773776129563060444/Sources/CNIOLinux/include",
               "$(SRCROOT)/.build/checkouts/swift-nio-zlib-support.git--7740309983312902080"
            );
            INFOPLIST_FILE = "swift-learn.xcodeproj/NIO_Info.plist";
            LD_RUNPATH_SEARCH_PATHS = (
               "$(inherited)",
               "$(TOOLCHAIN_DIR)/usr/lib/swift/macosx"
            );
            OTHER_CFLAGS = (
               "$(inherited)"
            );
            OTHER_LDFLAGS = (
               "$(inherited)",
               "-lz"
            );
            OTHER_SWIFT_FLAGS = (
               "$(inherited)"
            );
            PRODUCT_BUNDLE_IDENTIFIER = "NIO";
            PRODUCT_MODULE_NAME = "$(TARGET_NAME:c99extidentifier)";
            PRODUCT_NAME = "$(TARGET_NAME:c99extidentifier)";
            SKIP_INSTALL = "YES";
            SWIFT_ACTIVE_COMPILATION_CONDITIONS = (
               "$(inherited)"
            );
            SWIFT_VERSION = "4.0";
            TARGET_NAME = "NIO";
         };
         name = "Release";
      };
      "OBJ_21" = {
         isa = "PBXFileReference";
         path = "c-atomics.c";
         sourceTree = "<group>";
      };
      "OBJ_210" = {
         isa = "PBXSourcesBuildPhase";
         files = (
            "OBJ_211",
            "OBJ_212",
            "OBJ_213",
            "OBJ_214",
            "OBJ_215",
            "OBJ_216",
            "OBJ_217",
            "OBJ_218",
            "OBJ_219",
            "OBJ_220",
            "OBJ_221",
            "OBJ_222",
            "OBJ_223",
            "OBJ_224",
            "OBJ_225",
            "OBJ_226",
            "OBJ_227",
            "OBJ_228",
            "OBJ_229",
            "OBJ_230",
            "OBJ_231",
            "OBJ_232",
            "OBJ_233",
            "OBJ_234",
            "OBJ_235",
            "OBJ_236",
            "OBJ_237",
            "OBJ_238",
            "OBJ_239",
            "OBJ_240",
            "OBJ_241",
            "OBJ_242",
            "OBJ_243",
            "OBJ_244",
            "OBJ_245",
            "OBJ_246",
            "OBJ_247",
            "OBJ_248",
            "OBJ_249",
            "OBJ_250",
            "OBJ_251",
            "OBJ_252",
            "OBJ_253",
            "OBJ_254",
            "OBJ_255",
            "OBJ_256",
            "OBJ_257",
            "OBJ_258",
            "OBJ_259",
            "OBJ_260",
            "OBJ_261",
            "OBJ_262",
            "OBJ_263",
            "OBJ_264",
            "OBJ_265"
         );
      };
      "OBJ_211" = {
         isa = "PBXBuildFile";
         fileRef = "OBJ_62";
      };
      "OBJ_212" = {
         isa = "PBXBuildFile";
         fileRef = "OBJ_63";
      };
      "OBJ_213" = {
         isa = "PBXBuildFile";
         fileRef = "OBJ_64";
      };
      "OBJ_214" = {
         isa = "PBXBuildFile";
         fileRef = "OBJ_65";
      };
      "OBJ_215" = {
         isa = "PBXBuildFile";
         fileRef = "OBJ_66";
      };
      "OBJ_216" = {
         isa = "PBXBuildFile";
         fileRef = "OBJ_67";
      };
      "OBJ_217" = {
         isa = "PBXBuildFile";
         fileRef = "OBJ_68";
      };
      "OBJ_218" = {
         isa = "PBXBuildFile";
         fileRef = "OBJ_69";
      };
      "OBJ_219" = {
         isa = "PBXBuildFile";
         fileRef = "OBJ_70";
      };
      "OBJ_22" = {
         isa = "PBXGroup";
         children = (
            "OBJ_23",
            "OBJ_24"
         );
         name = "include";
         path = "include";
         sourceTree = "<group>";
      };
      "OBJ_220" = {
         isa = "PBXBuildFile";
         fileRef = "OBJ_71";
      };
      "OBJ_221" = {
         isa = "PBXBuildFile";
         fileRef = "OBJ_72";
      };
      "OBJ_222" = {
         isa = "PBXBuildFile";
         fileRef = "OBJ_73";
      };
      "OBJ_223" = {
         isa = "PBXBuildFile";
         fileRef = "OBJ_74";
      };
      "OBJ_224" = {
         isa = "PBXBuildFile";
         fileRef = "OBJ_75";
      };
      "OBJ_225" = {
         isa = "PBXBuildFile";
         fileRef = "OBJ_76";
      };
      "OBJ_226" = {
         isa = "PBXBuildFile";
         fileRef = "OBJ_77";
      };
      "OBJ_227" = {
         isa = "PBXBuildFile";
         fileRef = "OBJ_78";
      };
      "OBJ_228" = {
         isa = "PBXBuildFile";
         fileRef = "OBJ_79";
      };
      "OBJ_229" = {
         isa = "PBXBuildFile";
         fileRef = "OBJ_80";
      };
      "OBJ_23" = {
         isa = "PBXFileReference";
         path = "CNIOAtomics.h";
         sourceTree = "<group>";
      };
      "OBJ_230" = {
         isa = "PBXBuildFile";
         fileRef = "OBJ_81";
      };
      "OBJ_231" = {
         isa = "PBXBuildFile";
         fileRef = "OBJ_82";
      };
      "OBJ_232" = {
         isa = "PBXBuildFile";
         fileRef = "OBJ_83";
      };
      "OBJ_233" = {
         isa = "PBXBuildFile";
         fileRef = "OBJ_84";
      };
      "OBJ_234" = {
         isa = "PBXBuildFile";
         fileRef = "OBJ_85";
      };
      "OBJ_235" = {
         isa = "PBXBuildFile";
         fileRef = "OBJ_86";
      };
      "OBJ_236" = {
         isa = "PBXBuildFile";
         fileRef = "OBJ_87";
      };
      "OBJ_237" = {
         isa = "PBXBuildFile";
         fileRef = "OBJ_88";
      };
      "OBJ_238" = {
         isa = "PBXBuildFile";
         fileRef = "OBJ_89";
      };
      "OBJ_239" = {
         isa = "PBXBuildFile";
         fileRef = "OBJ_90";
      };
      "OBJ_24" = {
         isa = "PBXFileReference";
         path = "cpp_magic.h";
         sourceTree = "<group>";
      };
      "OBJ_240" = {
         isa = "PBXBuildFile";
         fileRef = "OBJ_91";
      };
      "OBJ_241" = {
         isa = "PBXBuildFile";
         fileRef = "OBJ_92";
      };
      "OBJ_242" = {
         isa = "PBXBuildFile";
         fileRef = "OBJ_93";
      };
      "OBJ_243" = {
         isa = "PBXBuildFile";
         fileRef = "OBJ_94";
      };
      "OBJ_244" = {
         isa = "PBXBuildFile";
         fileRef = "OBJ_95";
      };
      "OBJ_245" = {
         isa = "PBXBuildFile";
         fileRef = "OBJ_96";
      };
      "OBJ_246" = {
         isa = "PBXBuildFile";
         fileRef = "OBJ_97";
      };
      "OBJ_247" = {
         isa = "PBXBuildFile";
         fileRef = "OBJ_98";
      };
      "OBJ_248" = {
         isa = "PBXBuildFile";
         fileRef = "OBJ_99";
      };
      "OBJ_249" = {
         isa = "PBXBuildFile";
         fileRef = "OBJ_100";
      };
      "OBJ_25" = {
         isa = "PBXGroup";
         children = (
            "OBJ_26",
            "OBJ_27"
         );
         name = "CNIOZlib";
         path = ".build/checkouts/swift-nio.git-1773776129563060444/Sources/CNIOZlib";
         sourceTree = "SOURCE_ROOT";
      };
      "OBJ_250" = {
         isa = "PBXBuildFile";
         fileRef = "OBJ_101";
      };
      "OBJ_251" = {
         isa = "PBXBuildFile";
         fileRef = "OBJ_102";
      };
      "OBJ_252" = {
         isa = "PBXBuildFile";
         fileRef = "OBJ_103";
      };
      "OBJ_253" = {
         isa = "PBXBuildFile";
         fileRef = "OBJ_104";
      };
      "OBJ_254" = {
         isa = "PBXBuildFile";
         fileRef = "OBJ_105";
      };
      "OBJ_255" = {
         isa = "PBXBuildFile";
         fileRef = "OBJ_106";
      };
      "OBJ_256" = {
         isa = "PBXBuildFile";
         fileRef = "OBJ_107";
      };
      "OBJ_257" = {
         isa = "PBXBuildFile";
         fileRef = "OBJ_108";
      };
      "OBJ_258" = {
         isa = "PBXBuildFile";
         fileRef = "OBJ_109";
      };
      "OBJ_259" = {
         isa = "PBXBuildFile";
         fileRef = "OBJ_110";
      };
      "OBJ_26" = {
         isa = "PBXFileReference";
         path = "empty.c";
         sourceTree = "<group>";
      };
      "OBJ_260" = {
         isa = "PBXBuildFile";
         fileRef = "OBJ_111";
      };
      "OBJ_261" = {
         isa = "PBXBuildFile";
         fileRef = "OBJ_112";
      };
      "OBJ_262" = {
         isa = "PBXBuildFile";
         fileRef = "OBJ_113";
      };
      "OBJ_263" = {
         isa = "PBXBuildFile";
         fileRef = "OBJ_114";
      };
      "OBJ_264" = {
         isa = "PBXBuildFile";
         fileRef = "OBJ_115";
      };
      "OBJ_265" = {
         isa = "PBXBuildFile";
         fileRef = "OBJ_116";
      };
      "OBJ_266" = {
         isa = "PBXFrameworksBuildPhase";
         files = (
            "OBJ_267",
            "OBJ_268",
            "OBJ_269",
            "OBJ_270",
            "OBJ_271",
            "OBJ_272"
         );
      };
      "OBJ_267" = {
         isa = "PBXBuildFile";
         fileRef = "swift-nio::CNIOSHA1::Product";
      };
      "OBJ_268" = {
         isa = "PBXBuildFile";
         fileRef = "swift-nio::NIOPriorityQueue::Product";
      };
      "OBJ_269" = {
         isa = "PBXBuildFile";
         fileRef = "swift-nio::NIOConcurrencyHelpers::Product";
      };
      "OBJ_27" = {
         isa = "PBXGroup";
         children = (
            "OBJ_28"
         );
         name = "include";
         path = "include";
         sourceTree = "<group>";
      };
      "OBJ_270" = {
         isa = "PBXBuildFile";
         fileRef = "swift-nio::CNIOAtomics::Product";
      };
      "OBJ_271" = {
         isa = "PBXBuildFile";
         fileRef = "swift-nio::CNIODarwin::Product";
      };
      "OBJ_272" = {
         isa = "PBXBuildFile";
         fileRef = "swift-nio::CNIOLinux::Product";
      };
      "OBJ_273" = {
         isa = "PBXTargetDependency";
         target = "swift-nio::CNIOSHA1";
      };
      "OBJ_274" = {
         isa = "PBXTargetDependency";
         target = "swift-nio::NIOPriorityQueue";
      };
      "OBJ_276" = {
         isa = "PBXTargetDependency";
         target = "swift-nio::NIOConcurrencyHelpers";
      };
      "OBJ_278" = {
         isa = "PBXTargetDependency";
         target = "swift-nio::CNIOAtomics";
      };
      "OBJ_279" = {
         isa = "PBXTargetDependency";
         target = "swift-nio::CNIODarwin";
      };
      "OBJ_28" = {
         isa = "PBXFileReference";
         path = "CNIOZlib.h";
         sourceTree = "<group>";
      };
      "OBJ_280" = {
         isa = "PBXTargetDependency";
         target = "swift-nio::CNIOLinux";
      };
      "OBJ_281" = {
         isa = "XCConfigurationList";
         buildConfigurations = (
            "OBJ_282",
            "OBJ_283"
         );
         defaultConfigurationIsVisible = "0";
         defaultConfigurationName = "Release";
      };
      "OBJ_282" = {
         isa = "XCBuildConfiguration";
         buildSettings = {
            ENABLE_TESTABILITY = "YES";
            FRAMEWORK_SEARCH_PATHS = (
               "$(inherited)",
               "$(PLATFORM_DIR)/Developer/Library/Frameworks"
            );
            HEADER_SEARCH_PATHS = (
               "$(inherited)",
               "$(SRCROOT)/.build/checkouts/swift-nio.git-1773776129563060444/Sources/CNIOAtomics/include",
               "$(SRCROOT)/.build/checkouts/swift-nio-zlib-support.git--7740309983312902080"
            );
            INFOPLIST_FILE = "swift-learn.xcodeproj/NIOConcurrencyHelpers_Info.plist";
            LD_RUNPATH_SEARCH_PATHS = (
               "$(inherited)",
               "$(TOOLCHAIN_DIR)/usr/lib/swift/macosx"
            );
            OTHER_CFLAGS = (
               "$(inherited)"
            );
            OTHER_LDFLAGS = (
               "$(inherited)",
               "-lz"
            );
            OTHER_SWIFT_FLAGS = (
               "$(inherited)"
            );
            PRODUCT_BUNDLE_IDENTIFIER = "NIOConcurrencyHelpers";
            PRODUCT_MODULE_NAME = "$(TARGET_NAME:c99extidentifier)";
            PRODUCT_NAME = "$(TARGET_NAME:c99extidentifier)";
            SKIP_INSTALL = "YES";
            SWIFT_ACTIVE_COMPILATION_CONDITIONS = (
               "$(inherited)"
            );
            SWIFT_VERSION = "4.0";
            TARGET_NAME = "NIOConcurrencyHelpers";
         };
         name = "Debug";
      };
      "OBJ_283" = {
         isa = "XCBuildConfiguration";
         buildSettings = {
            ENABLE_TESTABILITY = "YES";
            FRAMEWORK_SEARCH_PATHS = (
               "$(inherited)",
               "$(PLATFORM_DIR)/Developer/Library/Frameworks"
            );
            HEADER_SEARCH_PATHS = (
               "$(inherited)",
               "$(SRCROOT)/.build/checkouts/swift-nio.git-1773776129563060444/Sources/CNIOAtomics/include",
               "$(SRCROOT)/.build/checkouts/swift-nio-zlib-support.git--7740309983312902080"
            );
            INFOPLIST_FILE = "swift-learn.xcodeproj/NIOConcurrencyHelpers_Info.plist";
            LD_RUNPATH_SEARCH_PATHS = (
               "$(inherited)",
               "$(TOOLCHAIN_DIR)/usr/lib/swift/macosx"
            );
            OTHER_CFLAGS = (
               "$(inherited)"
            );
            OTHER_LDFLAGS = (
               "$(inherited)",
               "-lz"
            );
            OTHER_SWIFT_FLAGS = (
               "$(inherited)"
            );
            PRODUCT_BUNDLE_IDENTIFIER = "NIOConcurrencyHelpers";
            PRODUCT_MODULE_NAME = "$(TARGET_NAME:c99extidentifier)";
            PRODUCT_NAME = "$(TARGET_NAME:c99extidentifier)";
            SKIP_INSTALL = "YES";
            SWIFT_ACTIVE_COMPILATION_CONDITIONS = (
               "$(inherited)"
            );
            SWIFT_VERSION = "4.0";
            TARGET_NAME = "NIOConcurrencyHelpers";
         };
         name = "Release";
      };
      "OBJ_284" = {
         isa = "PBXSourcesBuildPhase";
         files = (
            "OBJ_285",
            "OBJ_286"
         );
      };
      "OBJ_285" = {
         isa = "PBXBuildFile";
         fileRef = "OBJ_17";
      };
      "OBJ_286" = {
         isa = "PBXBuildFile";
         fileRef = "OBJ_18";
      };
      "OBJ_287" = {
         isa = "PBXFrameworksBuildPhase";
         files = (
            "OBJ_288"
         );
      };
      "OBJ_288" = {
         isa = "PBXBuildFile";
         fileRef = "swift-nio::CNIOAtomics::Product";
      };
      "OBJ_289" = {
         isa = "PBXTargetDependency";
         target = "swift-nio::CNIOAtomics";
      };
      "OBJ_29" = {
         isa = "PBXGroup";
         children = (
         );
         name = "NIOEchoClient";
         path = ".build/checkouts/swift-nio.git-1773776129563060444/Sources/NIOEchoClient";
         sourceTree = "SOURCE_ROOT";
      };
      "OBJ_291" = {
         isa = "XCConfigurationList";
         buildConfigurations = (
            "OBJ_292",
            "OBJ_293"
         );
         defaultConfigurationIsVisible = "0";
         defaultConfigurationName = "Release";
      };
      "OBJ_292" = {
         isa = "XCBuildConfiguration";
         buildSettings = {
            ENABLE_TESTABILITY = "YES";
            FRAMEWORK_SEARCH_PATHS = (
               "$(inherited)",
               "$(PLATFORM_DIR)/Developer/Library/Frameworks"
            );
            HEADER_SEARCH_PATHS = (
               "$(inherited)",
               "$(SRCROOT)/.build/checkouts/swift-nio.git-1773776129563060444/Sources/CNIOZlib/include",
               "$(SRCROOT)/.build/checkouts/swift-nio.git-1773776129563060444/Sources/CNIOHTTPParser/include",
               "$(SRCROOT)/.build/checkouts/swift-nio.git-1773776129563060444/Sources/CNIOSHA1/include",
               "$(SRCROOT)/.build/checkouts/swift-nio.git-1773776129563060444/Sources/CNIOAtomics/include",
               "$(SRCROOT)/.build/checkouts/swift-nio.git-1773776129563060444/Sources/CNIODarwin/include",
               "$(SRCROOT)/.build/checkouts/swift-nio.git-1773776129563060444/Sources/CNIOLinux/include",
               "$(SRCROOT)/.build/checkouts/swift-nio-zlib-support.git--7740309983312902080"
            );
            INFOPLIST_FILE = "swift-learn.xcodeproj/NIOHTTP1_Info.plist";
            LD_RUNPATH_SEARCH_PATHS = (
               "$(inherited)",
               "$(TOOLCHAIN_DIR)/usr/lib/swift/macosx"
            );
            OTHER_CFLAGS = (
               "$(inherited)"
            );
            OTHER_LDFLAGS = (
               "$(inherited)",
               "-lz"
            );
            OTHER_SWIFT_FLAGS = (
               "$(inherited)"
            );
            PRODUCT_BUNDLE_IDENTIFIER = "NIOHTTP1";
            PRODUCT_MODULE_NAME = "$(TARGET_NAME:c99extidentifier)";
            PRODUCT_NAME = "$(TARGET_NAME:c99extidentifier)";
            SKIP_INSTALL = "YES";
            SWIFT_ACTIVE_COMPILATION_CONDITIONS = (
               "$(inherited)"
            );
            SWIFT_VERSION = "4.0";
            TARGET_NAME = "NIOHTTP1";
         };
         name = "Debug";
      };
      "OBJ_293" = {
         isa = "XCBuildConfiguration";
         buildSettings = {
            ENABLE_TESTABILITY = "YES";
            FRAMEWORK_SEARCH_PATHS = (
               "$(inherited)",
               "$(PLATFORM_DIR)/Developer/Library/Frameworks"
            );
            HEADER_SEARCH_PATHS = (
               "$(inherited)",
               "$(SRCROOT)/.build/checkouts/swift-nio.git-1773776129563060444/Sources/CNIOZlib/include",
               "$(SRCROOT)/.build/checkouts/swift-nio.git-1773776129563060444/Sources/CNIOHTTPParser/include",
               "$(SRCROOT)/.build/checkouts/swift-nio.git-1773776129563060444/Sources/CNIOSHA1/include",
               "$(SRCROOT)/.build/checkouts/swift-nio.git-1773776129563060444/Sources/CNIOAtomics/include",
               "$(SRCROOT)/.build/checkouts/swift-nio.git-1773776129563060444/Sources/CNIODarwin/include",
               "$(SRCROOT)/.build/checkouts/swift-nio.git-1773776129563060444/Sources/CNIOLinux/include",
               "$(SRCROOT)/.build/checkouts/swift-nio-zlib-support.git--7740309983312902080"
            );
            INFOPLIST_FILE = "swift-learn.xcodeproj/NIOHTTP1_Info.plist";
            LD_RUNPATH_SEARCH_PATHS = (
               "$(inherited)",
               "$(TOOLCHAIN_DIR)/usr/lib/swift/macosx"
            );
            OTHER_CFLAGS = (
               "$(inherited)"
            );
            OTHER_LDFLAGS = (
               "$(inherited)",
               "-lz"
            );
            OTHER_SWIFT_FLAGS = (
               "$(inherited)"
            );
            PRODUCT_BUNDLE_IDENTIFIER = "NIOHTTP1";
            PRODUCT_MODULE_NAME = "$(TARGET_NAME:c99extidentifier)";
            PRODUCT_NAME = "$(TARGET_NAME:c99extidentifier)";
            SKIP_INSTALL = "YES";
            SWIFT_ACTIVE_COMPILATION_CONDITIONS = (
               "$(inherited)"
            );
            SWIFT_VERSION = "4.0";
            TARGET_NAME = "NIOHTTP1";
         };
         name = "Release";
      };
      "OBJ_294" = {
         isa = "PBXSourcesBuildPhase";
         files = (
            "OBJ_295",
            "OBJ_296",
            "OBJ_297",
            "OBJ_298",
            "OBJ_299",
            "OBJ_300",
            "OBJ_301",
            "OBJ_302",
            "OBJ_303"
         );
      };
      "OBJ_295" = {
         isa = "PBXBuildFile";
         fileRef = "OBJ_31";
      };
      "OBJ_296" = {
         isa = "PBXBuildFile";
         fileRef = "OBJ_32";
      };
      "OBJ_297" = {
         isa = "PBXBuildFile";
         fileRef = "OBJ_33";
      };
      "OBJ_298" = {
         isa = "PBXBuildFile";
         fileRef = "OBJ_34";
      };
      "OBJ_299" = {
         isa = "PBXBuildFile";
         fileRef = "OBJ_35";
      };
      "OBJ_3" = {
         isa = "XCBuildConfiguration";
         buildSettings = {
            CLANG_ENABLE_OBJC_ARC = "YES";
            COMBINE_HIDPI_IMAGES = "YES";
            COPY_PHASE_STRIP = "NO";
            DEBUG_INFORMATION_FORMAT = "dwarf";
            DYLIB_INSTALL_NAME_BASE = "@rpath";
            ENABLE_NS_ASSERTIONS = "YES";
            GCC_OPTIMIZATION_LEVEL = "0";
            GCC_PREPROCESSOR_DEFINITIONS = (
               "DEBUG=1",
               "$(inherited)"
            );
            MACOSX_DEPLOYMENT_TARGET = "10.10";
            ONLY_ACTIVE_ARCH = "YES";
            OTHER_SWIFT_FLAGS = (
               "-DXcode"
            );
            PRODUCT_NAME = "$(TARGET_NAME)";
            SDKROOT = "macosx";
            SUPPORTED_PLATFORMS = (
               "macosx",
               "iphoneos",
               "iphonesimulator",
               "appletvos",
               "appletvsimulator",
               "watchos",
               "watchsimulator"
            );
            SWIFT_ACTIVE_COMPILATION_CONDITIONS = (
               "SWIFT_PACKAGE",
               "DEBUG"
            );
            SWIFT_OPTIMIZATION_LEVEL = "-Onone";
            USE_HEADERMAP = "NO";
         };
         name = "Debug";
      };
      "OBJ_30" = {
         isa = "PBXGroup";
         children = (
            "OBJ_31",
            "OBJ_32",
            "OBJ_33",
            "OBJ_34",
            "OBJ_35",
            "OBJ_36",
            "OBJ_37",
            "OBJ_38",
            "OBJ_39"
         );
         name = "NIOHTTP1";
         path = ".build/checkouts/swift-nio.git-1773776129563060444/Sources/NIOHTTP1";
         sourceTree = "SOURCE_ROOT";
      };
      "OBJ_300" = {
         isa = "PBXBuildFile";
         fileRef = "OBJ_36";
      };
      "OBJ_301" = {
         isa = "PBXBuildFile";
         fileRef = "OBJ_37";
      };
      "OBJ_302" = {
         isa = "PBXBuildFile";
         fileRef = "OBJ_38";
      };
      "OBJ_303" = {
         isa = "PBXBuildFile";
         fileRef = "OBJ_39";
      };
      "OBJ_304" = {
         isa = "PBXFrameworksBuildPhase";
         files = (
            "OBJ_305",
            "OBJ_306",
            "OBJ_307",
            "OBJ_308",
            "OBJ_309",
            "OBJ_310",
            "OBJ_311",
            "OBJ_312",
            "OBJ_313"
         );
      };
      "OBJ_305" = {
         isa = "PBXBuildFile";
         fileRef = "swift-nio::CNIOZlib::Product";
      };
      "OBJ_306" = {
         isa = "PBXBuildFile";
         fileRef = "swift-nio::CNIOHTTPParser::Product";
      };
      "OBJ_307" = {
         isa = "PBXBuildFile";
         fileRef = "swift-nio::NIO::Product";
      };
      "OBJ_308" = {
         isa = "PBXBuildFile";
         fileRef = "swift-nio::CNIOSHA1::Product";
      };
      "OBJ_309" = {
         isa = "PBXBuildFile";
         fileRef = "swift-nio::NIOPriorityQueue::Product";
      };
      "OBJ_31" = {
         isa = "PBXFileReference";
         path = "ByteCollectionUtils.swift";
         sourceTree = "<group>";
      };
      "OBJ_310" = {
         isa = "PBXBuildFile";
         fileRef = "swift-nio::NIOConcurrencyHelpers::Product";
      };
      "OBJ_311" = {
         isa = "PBXBuildFile";
         fileRef = "swift-nio::CNIOAtomics::Product";
      };
      "OBJ_312" = {
         isa = "PBXBuildFile";
         fileRef = "swift-nio::CNIODarwin::Product";
      };
      "OBJ_313" = {
         isa = "PBXBuildFile";
         fileRef = "swift-nio::CNIOLinux::Product";
      };
      "OBJ_314" = {
         isa = "PBXTargetDependency";
         target = "swift-nio::CNIOZlib";
      };
      "OBJ_315" = {
         isa = "PBXTargetDependency";
         target = "swift-nio::CNIOHTTPParser";
      };
      "OBJ_316" = {
         isa = "PBXTargetDependency";
         target = "swift-nio::NIO";
      };
      "OBJ_317" = {
         isa = "PBXTargetDependency";
         target = "swift-nio::CNIOSHA1";
      };
      "OBJ_318" = {
         isa = "PBXTargetDependency";
         target = "swift-nio::NIOPriorityQueue";
      };
      "OBJ_319" = {
         isa = "PBXTargetDependency";
         target = "swift-nio::NIOConcurrencyHelpers";
      };
      "OBJ_32" = {
         isa = "PBXFileReference";
         path = "HTTPDecoder.swift";
         sourceTree = "<group>";
      };
      "OBJ_320" = {
         isa = "PBXTargetDependency";
         target = "swift-nio::CNIOAtomics";
      };
      "OBJ_321" = {
         isa = "PBXTargetDependency";
         target = "swift-nio::CNIODarwin";
      };
      "OBJ_322" = {
         isa = "PBXTargetDependency";
         target = "swift-nio::CNIOLinux";
      };
      "OBJ_323" = {
         isa = "XCConfigurationList";
         buildConfigurations = (
            "OBJ_324",
            "OBJ_325"
         );
         defaultConfigurationIsVisible = "0";
         defaultConfigurationName = "Release";
      };
      "OBJ_324" = {
         isa = "XCBuildConfiguration";
         buildSettings = {
            ENABLE_TESTABILITY = "YES";
            FRAMEWORK_SEARCH_PATHS = (
               "$(inherited)",
               "$(PLATFORM_DIR)/Developer/Library/Frameworks"
            );
            HEADER_SEARCH_PATHS = (
               "$(inherited)",
               "$(SRCROOT)/.build/checkouts/swift-nio-zlib-support.git--7740309983312902080"
            );
            INFOPLIST_FILE = "swift-learn.xcodeproj/NIOPriorityQueue_Info.plist";
            LD_RUNPATH_SEARCH_PATHS = (
               "$(inherited)",
               "$(TOOLCHAIN_DIR)/usr/lib/swift/macosx"
            );
            OTHER_CFLAGS = (
               "$(inherited)"
            );
            OTHER_LDFLAGS = (
               "$(inherited)",
               "-lz"
            );
            OTHER_SWIFT_FLAGS = (
               "$(inherited)"
            );
            PRODUCT_BUNDLE_IDENTIFIER = "NIOPriorityQueue";
            PRODUCT_MODULE_NAME = "$(TARGET_NAME:c99extidentifier)";
            PRODUCT_NAME = "$(TARGET_NAME:c99extidentifier)";
            SKIP_INSTALL = "YES";
            SWIFT_ACTIVE_COMPILATION_CONDITIONS = (
               "$(inherited)"
            );
            SWIFT_VERSION = "4.0";
            TARGET_NAME = "NIOPriorityQueue";
         };
         name = "Debug";
      };
      "OBJ_325" = {
         isa = "XCBuildConfiguration";
         buildSettings = {
            ENABLE_TESTABILITY = "YES";
            FRAMEWORK_SEARCH_PATHS = (
               "$(inherited)",
               "$(PLATFORM_DIR)/Developer/Library/Frameworks"
            );
            HEADER_SEARCH_PATHS = (
               "$(inherited)",
               "$(SRCROOT)/.build/checkouts/swift-nio-zlib-support.git--7740309983312902080"
            );
            INFOPLIST_FILE = "swift-learn.xcodeproj/NIOPriorityQueue_Info.plist";
            LD_RUNPATH_SEARCH_PATHS = (
               "$(inherited)",
               "$(TOOLCHAIN_DIR)/usr/lib/swift/macosx"
            );
            OTHER_CFLAGS = (
               "$(inherited)"
            );
            OTHER_LDFLAGS = (
               "$(inherited)",
               "-lz"
            );
            OTHER_SWIFT_FLAGS = (
               "$(inherited)"
            );
            PRODUCT_BUNDLE_IDENTIFIER = "NIOPriorityQueue";
            PRODUCT_MODULE_NAME = "$(TARGET_NAME:c99extidentifier)";
            PRODUCT_NAME = "$(TARGET_NAME:c99extidentifier)";
            SKIP_INSTALL = "YES";
            SWIFT_ACTIVE_COMPILATION_CONDITIONS = (
               "$(inherited)"
            );
            SWIFT_VERSION = "4.0";
            TARGET_NAME = "NIOPriorityQueue";
         };
         name = "Release";
      };
      "OBJ_326" = {
         isa = "PBXSourcesBuildPhase";
         files = (
            "OBJ_327",
            "OBJ_328"
         );
      };
      "OBJ_327" = {
         isa = "PBXBuildFile";
         fileRef = "OBJ_118";
      };
      "OBJ_328" = {
         isa = "PBXBuildFile";
         fileRef = "OBJ_119";
      };
      "OBJ_329" = {
         isa = "PBXFrameworksBuildPhase";
         files = (
         );
      };
      "OBJ_33" = {
         isa = "PBXFileReference";
         path = "HTTPEncoder.swift";
         sourceTree = "<group>";
      };
      "OBJ_331" = {
         isa = "XCConfigurationList";
         buildConfigurations = (
            "OBJ_332",
            "OBJ_333"
         );
         defaultConfigurationIsVisible = "0";
         defaultConfigurationName = "Release";
      };
      "OBJ_332" = {
         isa = "XCBuildConfiguration";
         buildSettings = {
            FRAMEWORK_SEARCH_PATHS = (
               "$(inherited)",
               "$(PLATFORM_DIR)/Developer/Library/Frameworks"
            );
            HEADER_SEARCH_PATHS = (
               "$(inherited)",
               "$(SRCROOT)/.build/checkouts/swift-nio.git-1773776129563060444/Sources/CNIOZlib/include",
               "$(SRCROOT)/.build/checkouts/swift-nio.git-1773776129563060444/Sources/CNIOHTTPParser/include",
               "$(SRCROOT)/.build/checkouts/swift-nio.git-1773776129563060444/Sources/CNIOSHA1/include",
               "$(SRCROOT)/.build/checkouts/swift-nio.git-1773776129563060444/Sources/CNIOAtomics/include",
               "$(SRCROOT)/.build/checkouts/swift-nio.git-1773776129563060444/Sources/CNIODarwin/include",
               "$(SRCROOT)/.build/checkouts/swift-nio.git-1773776129563060444/Sources/CNIOLinux/include",
               "$(SRCROOT)/.build/checkouts/swift-nio-zlib-support.git--7740309983312902080"
            );
            INFOPLIST_FILE = "swift-learn.xcodeproj/NonBlockingFileIO_learn_Info.plist";
            LD_RUNPATH_SEARCH_PATHS = (
               "$(inherited)",
               "$(TOOLCHAIN_DIR)/usr/lib/swift/macosx",
               "@executable_path"
            );
            OTHER_CFLAGS = (
               "$(inherited)"
            );
            OTHER_LDFLAGS = (
               "$(inherited)",
               "-lz"
            );
            OTHER_SWIFT_FLAGS = (
               "$(inherited)"
            );
            SWIFT_ACTIVE_COMPILATION_CONDITIONS = (
               "$(inherited)"
            );
            SWIFT_FORCE_DYNAMIC_LINK_STDLIB = "YES";
            SWIFT_FORCE_STATIC_LINK_STDLIB = "NO";
            SWIFT_VERSION = "4.2";
            TARGET_NAME = "NonBlockingFileIO-learn";
         };
         name = "Debug";
      };
      "OBJ_333" = {
         isa = "XCBuildConfiguration";
         buildSettings = {
            FRAMEWORK_SEARCH_PATHS = (
               "$(inherited)",
               "$(PLATFORM_DIR)/Developer/Library/Frameworks"
            );
            HEADER_SEARCH_PATHS = (
               "$(inherited)",
               "$(SRCROOT)/.build/checkouts/swift-nio.git-1773776129563060444/Sources/CNIOZlib/include",
               "$(SRCROOT)/.build/checkouts/swift-nio.git-1773776129563060444/Sources/CNIOHTTPParser/include",
               "$(SRCROOT)/.build/checkouts/swift-nio.git-1773776129563060444/Sources/CNIOSHA1/include",
               "$(SRCROOT)/.build/checkouts/swift-nio.git-1773776129563060444/Sources/CNIOAtomics/include",
               "$(SRCROOT)/.build/checkouts/swift-nio.git-1773776129563060444/Sources/CNIODarwin/include",
               "$(SRCROOT)/.build/checkouts/swift-nio.git-1773776129563060444/Sources/CNIOLinux/include",
               "$(SRCROOT)/.build/checkouts/swift-nio-zlib-support.git--7740309983312902080"
            );
            INFOPLIST_FILE = "swift-learn.xcodeproj/NonBlockingFileIO_learn_Info.plist";
            LD_RUNPATH_SEARCH_PATHS = (
               "$(inherited)",
               "$(TOOLCHAIN_DIR)/usr/lib/swift/macosx",
               "@executable_path"
            );
            OTHER_CFLAGS = (
               "$(inherited)"
            );
            OTHER_LDFLAGS = (
               "$(inherited)",
               "-lz"
            );
            OTHER_SWIFT_FLAGS = (
               "$(inherited)"
            );
            SWIFT_ACTIVE_COMPILATION_CONDITIONS = (
               "$(inherited)"
            );
            SWIFT_FORCE_DYNAMIC_LINK_STDLIB = "YES";
            SWIFT_FORCE_STATIC_LINK_STDLIB = "NO";
            SWIFT_VERSION = "4.2";
            TARGET_NAME = "NonBlockingFileIO-learn";
         };
         name = "Release";
      };
      "OBJ_334" = {
         isa = "PBXSourcesBuildPhase";
         files = (
            "OBJ_335"
         );
      };
      "OBJ_335" = {
         isa = "PBXBuildFile";
         fileRef = "OBJ_9";
      };
      "OBJ_336" = {
         isa = "PBXFrameworksBuildPhase";
         files = (
            "OBJ_337",
            "OBJ_338",
            "OBJ_339",
            "OBJ_340",
            "OBJ_341",
            "OBJ_342",
            "OBJ_343",
            "OBJ_344",
            "OBJ_345",
            "OBJ_346"
         );
      };
      "OBJ_337" = {
         isa = "PBXBuildFile";
         fileRef = "swift-nio::NIOHTTP1::Product";
      };
      "OBJ_338" = {
         isa = "PBXBuildFile";
         fileRef = "swift-nio::CNIOZlib::Product";
      };
      "OBJ_339" = {
         isa = "PBXBuildFile";
         fileRef = "swift-nio::CNIOHTTPParser::Product";
      };
      "OBJ_34" = {
         isa = "PBXFileReference";
         path = "HTTPPipelineSetup.swift";
         sourceTree = "<group>";
      };
      "OBJ_340" = {
         isa = "PBXBuildFile";
         fileRef = "swift-nio::NIO::Product";
      };
      "OBJ_341" = {
         isa = "PBXBuildFile";
         fileRef = "swift-nio::CNIOSHA1::Product";
      };
      "OBJ_342" = {
         isa = "PBXBuildFile";
         fileRef = "swift-nio::NIOPriorityQueue::Product";
      };
      "OBJ_343" = {
         isa = "PBXBuildFile";
         fileRef = "swift-nio::NIOConcurrencyHelpers::Product";
      };
      "OBJ_344" = {
         isa = "PBXBuildFile";
         fileRef = "swift-nio::CNIOAtomics::Product";
      };
      "OBJ_345" = {
         isa = "PBXBuildFile";
         fileRef = "swift-nio::CNIODarwin::Product";
      };
      "OBJ_346" = {
         isa = "PBXBuildFile";
         fileRef = "swift-nio::CNIOLinux::Product";
      };
      "OBJ_347" = {
         isa = "PBXTargetDependency";
         target = "swift-nio::NIOHTTP1";
      };
      "OBJ_348" = {
         isa = "PBXTargetDependency";
         target = "swift-nio::CNIOZlib";
      };
      "OBJ_349" = {
         isa = "PBXTargetDependency";
         target = "swift-nio::CNIOHTTPParser";
      };
      "OBJ_35" = {
         isa = "PBXFileReference";
         path = "HTTPResponseCompressor.swift";
         sourceTree = "<group>";
      };
      "OBJ_350" = {
         isa = "PBXTargetDependency";
         target = "swift-nio::NIO";
      };
      "OBJ_351" = {
         isa = "PBXTargetDependency";
         target = "swift-nio::CNIOSHA1";
      };
      "OBJ_352" = {
         isa = "PBXTargetDependency";
         target = "swift-nio::NIOPriorityQueue";
      };
      "OBJ_353" = {
         isa = "PBXTargetDependency";
         target = "swift-nio::NIOConcurrencyHelpers";
      };
      "OBJ_354" = {
         isa = "PBXTargetDependency";
         target = "swift-nio::CNIOAtomics";
      };
      "OBJ_355" = {
         isa = "PBXTargetDependency";
         target = "swift-nio::CNIODarwin";
      };
      "OBJ_356" = {
         isa = "PBXTargetDependency";
         target = "swift-nio::CNIOLinux";
      };
      "OBJ_358" = {
         isa = "XCConfigurationList";
         buildConfigurations = (
            "OBJ_359",
            "OBJ_360"
         );
         defaultConfigurationIsVisible = "0";
         defaultConfigurationName = "Release";
      };
      "OBJ_359" = {
         isa = "XCBuildConfiguration";
         buildSettings = {
            LD = "/usr/bin/true";
            OTHER_SWIFT_FLAGS = (
               "-swift-version",
               "4.2",
               "-I",
               "$(TOOLCHAIN_DIR)/usr/lib/swift/pm/4_2",
               "-target",
               "x86_64-apple-macosx10.10",
               "-sdk",
               "/Applications/Xcode.app/Contents/Developer/Platforms/MacOSX.platform/Developer/SDKs/MacOSX10.14.sdk"
            );
            SWIFT_VERSION = "4.2";
         };
         name = "Debug";
      };
      "OBJ_36" = {
         isa = "PBXFileReference";
         path = "HTTPServerPipelineHandler.swift";
         sourceTree = "<group>";
      };
      "OBJ_360" = {
         isa = "XCBuildConfiguration";
         buildSettings = {
            LD = "/usr/bin/true";
            OTHER_SWIFT_FLAGS = (
               "-swift-version",
               "4.2",
               "-I",
               "$(TOOLCHAIN_DIR)/usr/lib/swift/pm/4_2",
               "-target",
               "x86_64-apple-macosx10.10",
               "-sdk",
               "/Applications/Xcode.app/Contents/Developer/Platforms/MacOSX.platform/Developer/SDKs/MacOSX10.14.sdk"
            );
            SWIFT_VERSION = "4.2";
         };
         name = "Release";
      };
      "OBJ_361" = {
         isa = "PBXSourcesBuildPhase";
         files = (
            "OBJ_362"
         );
      };
      "OBJ_362" = {
         isa = "PBXBuildFile";
         fileRef = "OBJ_6";
      };
      "OBJ_364" = {
         isa = "XCConfigurationList";
         buildConfigurations = (
            "OBJ_365",
            "OBJ_366"
         );
         defaultConfigurationIsVisible = "0";
         defaultConfigurationName = "Release";
      };
      "OBJ_365" = {
         isa = "XCBuildConfiguration";
         buildSettings = {
            LD = "/usr/bin/true";
            OTHER_SWIFT_FLAGS = (
               "-swift-version",
               "4",
               "-I",
               "$(TOOLCHAIN_DIR)/usr/lib/swift/pm/4",
               "-target",
               "x86_64-apple-macosx10.10",
               "-sdk",
               "/Applications/Xcode.app/Contents/Developer/Platforms/MacOSX.platform/Developer/SDKs/MacOSX10.14.sdk"
            );
            SWIFT_VERSION = "4.0";
         };
         name = "Debug";
      };
      "OBJ_366" = {
         isa = "XCBuildConfiguration";
         buildSettings = {
            LD = "/usr/bin/true";
            OTHER_SWIFT_FLAGS = (
               "-swift-version",
               "4",
               "-I",
               "$(TOOLCHAIN_DIR)/usr/lib/swift/pm/4",
               "-target",
               "x86_64-apple-macosx10.10",
               "-sdk",
               "/Applications/Xcode.app/Contents/Developer/Platforms/MacOSX.platform/Developer/SDKs/MacOSX10.14.sdk"
            );
            SWIFT_VERSION = "4.0";
         };
         name = "Release";
      };
      "OBJ_367" = {
         isa = "PBXSourcesBuildPhase";
         files = (
            "OBJ_368"
         );
      };
      "OBJ_368" = {
         isa = "PBXBuildFile";
         fileRef = "OBJ_127";
      };
      "OBJ_37" = {
         isa = "PBXFileReference";
         path = "HTTPServerProtocolErrorHandler.swift";
         sourceTree = "<group>";
      };
      "OBJ_38" = {
         isa = "PBXFileReference";
         path = "HTTPTypes.swift";
         sourceTree = "<group>";
      };
      "OBJ_39" = {
         isa = "PBXFileReference";
         path = "HTTPUpgradeHandler.swift";
         sourceTree = "<group>";
      };
      "OBJ_4" = {
         isa = "XCBuildConfiguration";
         buildSettings = {
            CLANG_ENABLE_OBJC_ARC = "YES";
            COMBINE_HIDPI_IMAGES = "YES";
            COPY_PHASE_STRIP = "YES";
            DEBUG_INFORMATION_FORMAT = "dwarf-with-dsym";
            DYLIB_INSTALL_NAME_BASE = "@rpath";
            GCC_OPTIMIZATION_LEVEL = "s";
            MACOSX_DEPLOYMENT_TARGET = "10.10";
            OTHER_SWIFT_FLAGS = (
               "-DXcode"
            );
            PRODUCT_NAME = "$(TARGET_NAME)";
            SDKROOT = "macosx";
            SUPPORTED_PLATFORMS = (
               "macosx",
               "iphoneos",
               "iphonesimulator",
               "appletvos",
               "appletvsimulator",
               "watchos",
               "watchsimulator"
            );
            SWIFT_ACTIVE_COMPILATION_CONDITIONS = (
               "SWIFT_PACKAGE"
            );
            SWIFT_OPTIMIZATION_LEVEL = "-Owholemodule";
            USE_HEADERMAP = "NO";
         };
         name = "Release";
      };
      "OBJ_40" = {
         isa = "PBXGroup";
         children = (
         );
         name = "NIOChatClient";
         path = ".build/checkouts/swift-nio.git-1773776129563060444/Sources/NIOChatClient";
         sourceTree = "SOURCE_ROOT";
      };
      "OBJ_41" = {
         isa = "PBXGroup";
         children = (
         );
         name = "NIOFoundationCompat";
         path = ".build/checkouts/swift-nio.git-1773776129563060444/Sources/NIOFoundationCompat";
         sourceTree = "SOURCE_ROOT";
      };
      "OBJ_42" = {
         isa = "PBXGroup";
         children = (
         );
         name = "NIOWebSocket";
         path = ".build/checkouts/swift-nio.git-1773776129563060444/Sources/NIOWebSocket";
         sourceTree = "SOURCE_ROOT";
      };
      "OBJ_43" = {
         isa = "PBXGroup";
         children = (
         );
         name = "NIOHTTP1Server";
         path = ".build/checkouts/swift-nio.git-1773776129563060444/Sources/NIOHTTP1Server";
         sourceTree = "SOURCE_ROOT";
      };
      "OBJ_44" = {
         isa = "PBXGroup";
         children = (
            "OBJ_45",
            "OBJ_46",
            "OBJ_47"
         );
         name = "CNIOLinux";
         path = ".build/checkouts/swift-nio.git-1773776129563060444/Sources/CNIOLinux";
         sourceTree = "SOURCE_ROOT";
      };
      "OBJ_45" = {
         isa = "PBXFileReference";
         path = "ifaddrs-android.c";
         sourceTree = "<group>";
      };
      "OBJ_46" = {
         isa = "PBXFileReference";
         path = "shim.c";
         sourceTree = "<group>";
      };
      "OBJ_47" = {
         isa = "PBXGroup";
         children = (
            "OBJ_48",
            "OBJ_49"
         );
         name = "include";
         path = "include";
         sourceTree = "<group>";
      };
      "OBJ_48" = {
         isa = "PBXFileReference";
         path = "CNIOLinux.h";
         sourceTree = "<group>";
      };
      "OBJ_49" = {
         isa = "PBXFileReference";
         path = "ifaddrs-android.h";
         sourceTree = "<group>";
      };
      "OBJ_5" = {
         isa = "PBXGroup";
         children = (
            "OBJ_6",
            "OBJ_7",
            "OBJ_12",
            "OBJ_13",
            "OBJ_128"
         );
         path = "";
         sourceTree = "<group>";
      };
      "OBJ_50" = {
         isa = "PBXGroup";
         children = (
         );
         name = "NIOTLS";
         path = ".build/checkouts/swift-nio.git-1773776129563060444/Sources/NIOTLS";
         sourceTree = "SOURCE_ROOT";
      };
      "OBJ_51" = {
         isa = "PBXGroup";
         children = (
            "OBJ_52",
            "OBJ_53"
         );
         name = "CNIOSHA1";
         path = ".build/checkouts/swift-nio.git-1773776129563060444/Sources/CNIOSHA1";
         sourceTree = "SOURCE_ROOT";
      };
      "OBJ_52" = {
         isa = "PBXFileReference";
         path = "c_nio_sha1.c";
         sourceTree = "<group>";
      };
      "OBJ_53" = {
         isa = "PBXGroup";
         children = (
            "OBJ_54"
         );
         name = "include";
         path = "include";
         sourceTree = "<group>";
      };
      "OBJ_54" = {
         isa = "PBXFileReference";
         path = "CNIOSHA1.h";
         sourceTree = "<group>";
      };
      "OBJ_55" = {
         isa = "PBXGroup";
         children = (
            "OBJ_56",
            "OBJ_57"
         );
         name = "CNIODarwin";
         path = ".build/checkouts/swift-nio.git-1773776129563060444/Sources/CNIODarwin";
         sourceTree = "SOURCE_ROOT";
      };
      "OBJ_56" = {
         isa = "PBXFileReference";
         path = "shim.c";
         sourceTree = "<group>";
      };
      "OBJ_57" = {
         isa = "PBXGroup";
         children = (
            "OBJ_58"
         );
         name = "include";
         path = "include";
         sourceTree = "<group>";
      };
      "OBJ_58" = {
         isa = "PBXFileReference";
         path = "CNIODarwin.h";
         sourceTree = "<group>";
      };
      "OBJ_59" = {
         isa = "PBXGroup";
         children = (
         );
         name = "NIOEchoServer";
         path = ".build/checkouts/swift-nio.git-1773776129563060444/Sources/NIOEchoServer";
         sourceTree = "SOURCE_ROOT";
      };
      "OBJ_6" = {
         isa = "PBXFileReference";
         explicitFileType = "sourcecode.swift";
         path = "Package.swift";
         sourceTree = "<group>";
      };
      "OBJ_60" = {
         isa = "PBXGroup";
         children = (
         );
         name = "NIOPerformanceTester";
         path = ".build/checkouts/swift-nio.git-1773776129563060444/Sources/NIOPerformanceTester";
         sourceTree = "SOURCE_ROOT";
      };
      "OBJ_61" = {
         isa = "PBXGroup";
         children = (
            "OBJ_62",
            "OBJ_63",
            "OBJ_64",
            "OBJ_65",
            "OBJ_66",
            "OBJ_67",
            "OBJ_68",
            "OBJ_69",
            "OBJ_70",
            "OBJ_71",
            "OBJ_72",
            "OBJ_73",
            "OBJ_74",
            "OBJ_75",
            "OBJ_76",
            "OBJ_77",
            "OBJ_78",
            "OBJ_79",
            "OBJ_80",
            "OBJ_81",
            "OBJ_82",
            "OBJ_83",
            "OBJ_84",
            "OBJ_85",
            "OBJ_86",
            "OBJ_87",
            "OBJ_88",
            "OBJ_89",
            "OBJ_90",
            "OBJ_91",
            "OBJ_92",
            "OBJ_93",
            "OBJ_94",
            "OBJ_95",
            "OBJ_96",
            "OBJ_97",
            "OBJ_98",
            "OBJ_99",
            "OBJ_100",
            "OBJ_101",
            "OBJ_102",
            "OBJ_103",
            "OBJ_104",
            "OBJ_105",
            "OBJ_106",
            "OBJ_107",
            "OBJ_108",
            "OBJ_109",
            "OBJ_110",
            "OBJ_111",
            "OBJ_112",
            "OBJ_113",
            "OBJ_114",
            "OBJ_115",
            "OBJ_116"
         );
         name = "NIO";
         path = ".build/checkouts/swift-nio.git-1773776129563060444/Sources/NIO";
         sourceTree = "SOURCE_ROOT";
      };
      "OBJ_62" = {
         isa = "PBXFileReference";
         path = "AddressedEnvelope.swift";
         sourceTree = "<group>";
      };
      "OBJ_63" = {
         isa = "PBXFileReference";
         path = "BaseSocket.swift";
         sourceTree = "<group>";
      };
      "OBJ_64" = {
         isa = "PBXFileReference";
         path = "BaseSocketChannel.swift";
         sourceTree = "<group>";
      };
      "OBJ_65" = {
         isa = "PBXFileReference";
         path = "BlockingIOThreadPool.swift";
         sourceTree = "<group>";
      };
      "OBJ_66" = {
         isa = "PBXFileReference";
         path = "Bootstrap.swift";
         sourceTree = "<group>";
      };
      "OBJ_67" = {
         isa = "PBXFileReference";
         path = "ByteBuffer-aux.swift";
         sourceTree = "<group>";
      };
      "OBJ_68" = {
         isa = "PBXFileReference";
         path = "ByteBuffer-core.swift";
         sourceTree = "<group>";
      };
      "OBJ_69" = {
         isa = "PBXFileReference";
         path = "ByteBuffer-int.swift";
         sourceTree = "<group>";
      };
      "OBJ_7" = {
         isa = "PBXGroup";
         children = (
            "OBJ_8",
            "OBJ_10"
         );
         name = "Sources";
         path = "";
         sourceTree = "SOURCE_ROOT";
      };
      "OBJ_70" = {
         isa = "PBXFileReference";
         path = "ByteBuffer-views.swift";
         sourceTree = "<group>";
      };
      "OBJ_71" = {
         isa = "PBXFileReference";
         path = "Channel.swift";
         sourceTree = "<group>";
      };
      "OBJ_72" = {
         isa = "PBXFileReference";
         path = "ChannelHandler.swift";
         sourceTree = "<group>";
      };
      "OBJ_73" = {
         isa = "PBXFileReference";
         path = "ChannelHandlers.swift";
         sourceTree = "<group>";
      };
      "OBJ_74" = {
         isa = "PBXFileReference";
         path = "ChannelInvoker.swift";
         sourceTree = "<group>";
      };
      "OBJ_75" = {
         isa = "PBXFileReference";
         path = "ChannelOption.swift";
         sourceTree = "<group>";
      };
      "OBJ_76" = {
         isa = "PBXFileReference";
         path = "ChannelPipeline.swift";
         sourceTree = "<group>";
      };
      "OBJ_77" = {
         isa = "PBXFileReference";
         path = "CircularBuffer.swift";
         sourceTree = "<group>";
      };
      "OBJ_78" = {
         isa = "PBXFileReference";
         path = "Codec.swift";
         sourceTree = "<group>";
      };
      "OBJ_79" = {
         isa = "PBXFileReference";
         path = "CompositeError.swift";
         sourceTree = "<group>";
      };
      "OBJ_8" = {
         isa = "PBXGroup";
         children = (
            "OBJ_9"
         );
         name = "NonBlockingFileIO-learn";
         path = "Sources/NonBlockingFileIO-learn";
         sourceTree = "SOURCE_ROOT";
      };
      "OBJ_80" = {
         isa = "PBXFileReference";
         path = "ContiguousCollection.swift";
         sourceTree = "<group>";
      };
      "OBJ_81" = {
         isa = "PBXFileReference";
         path = "DeadChannel.swift";
         sourceTree = "<group>";
      };
      "OBJ_82" = {
         isa = "PBXFileReference";
         path = "Embedded.swift";
         sourceTree = "<group>";
      };
      "OBJ_83" = {
         isa = "PBXFileReference";
         path = "EventLoop.swift";
         sourceTree = "<group>";
      };
      "OBJ_84" = {
         isa = "PBXFileReference";
         path = "EventLoopFuture.swift";
         sourceTree = "<group>";
      };
      "OBJ_85" = {
         isa = "PBXFileReference";
         path = "FileDescriptor.swift";
         sourceTree = "<group>";
      };
      "OBJ_86" = {
         isa = "PBXFileReference";
         path = "FileHandle.swift";
         sourceTree = "<group>";
      };
      "OBJ_87" = {
         isa = "PBXFileReference";
         path = "FileRegion.swift";
         sourceTree = "<group>";
      };
      "OBJ_88" = {
         isa = "PBXFileReference";
         path = "GetaddrinfoResolver.swift";
         sourceTree = "<group>";
      };
      "OBJ_89" = {
         isa = "PBXFileReference";
         path = "HappyEyeballs.swift";
         sourceTree = "<group>";
      };
      "OBJ_9" = {
         isa = "PBXFileReference";
         path = "main.swift";
         sourceTree = "<group>";
      };
      "OBJ_90" = {
         isa = "PBXFileReference";
         path = "Heap.swift";
         sourceTree = "<group>";
      };
      "OBJ_91" = {
         isa = "PBXFileReference";
         path = "IO.swift";
         sourceTree = "<group>";
      };
      "OBJ_92" = {
         isa = "PBXFileReference";
         path = "IOData.swift";
         sourceTree = "<group>";
      };
      "OBJ_93" = {
         isa = "PBXFileReference";
         path = "IntegerTypes.swift";
         sourceTree = "<group>";
      };
      "OBJ_94" = {
         isa = "PBXFileReference";
         path = "Interfaces.swift";
         sourceTree = "<group>";
      };
      "OBJ_95" = {
         isa = "PBXFileReference";
         path = "Linux.swift";
         sourceTree = "<group>";
      };
      "OBJ_96" = {
         isa = "PBXFileReference";
         path = "LinuxCPUSet.swift";
         sourceTree = "<group>";
      };
      "OBJ_97" = {
         isa = "PBXFileReference";
         path = "MarkedCircularBuffer.swift";
         sourceTree = "<group>";
      };
      "OBJ_98" = {
         isa = "PBXFileReference";
         path = "MulticastChannel.swift";
         sourceTree = "<group>";
      };
      "OBJ_99" = {
         isa = "PBXFileReference";
         path = "NIOAny.swift";
         sourceTree = "<group>";
      };
      "swift-learn::GCDLearn" = {
         isa = "PBXNativeTarget";
         buildConfigurationList = "OBJ_200";
         buildPhases = (
            "OBJ_203",
            "OBJ_205"
         );
         dependencies = (
         );
         name = "GCDLearn";
         productName = "GCDLearn";
         productReference = "swift-learn::GCDLearn::Product";
         productType = "com.apple.product-type.tool";
      };
      "swift-learn::GCDLearn::Product" = {
         isa = "PBXFileReference";
         path = "GCDLearn";
         sourceTree = "BUILT_PRODUCTS_DIR";
      };
      "swift-learn::NonBlockingFileIO-learn" = {
         isa = "PBXNativeTarget";
         buildConfigurationList = "OBJ_331";
         buildPhases = (
            "OBJ_334",
            "OBJ_336"
         );
         dependencies = (
            "OBJ_347",
            "OBJ_348",
            "OBJ_349",
            "OBJ_350",
            "OBJ_351",
            "OBJ_352",
            "OBJ_353",
            "OBJ_354",
            "OBJ_355",
            "OBJ_356"
         );
         name = "NonBlockingFileIO-learn";
         productName = "NonBlockingFileIO_learn";
         productReference = "swift-learn::NonBlockingFileIO-learn::Product";
         productType = "com.apple.product-type.tool";
      };
      "swift-learn::NonBlockingFileIO-learn::Product" = {
         isa = "PBXFileReference";
         path = "NonBlockingFileIO-learn";
         sourceTree = "BUILT_PRODUCTS_DIR";
      };
      "swift-learn::SwiftPMPackageDescription" = {
         isa = "PBXNativeTarget";
         buildConfigurationList = "OBJ_358";
         buildPhases = (
            "OBJ_361"
         );
         dependencies = (
         );
         name = "swift-learnPackageDescription";
         productName = "swift-learnPackageDescription";
         productType = "com.apple.product-type.framework";
      };
      "swift-nio::CNIOAtomics" = {
         isa = "PBXNativeTarget";
         buildConfigurationList = "OBJ_142";
         buildPhases = (
            "OBJ_145",
            "OBJ_147",
            "OBJ_150"
         );
         dependencies = (
         );
         name = "CNIOAtomics";
         productName = "CNIOAtomics";
         productReference = "swift-nio::CNIOAtomics::Product";
         productType = "com.apple.product-type.framework";
      };
      "swift-nio::CNIOAtomics::Product" = {
         isa = "PBXFileReference";
         path = "CNIOAtomics.framework";
         sourceTree = "BUILT_PRODUCTS_DIR";
      };
      "swift-nio::CNIODarwin" = {
         isa = "PBXNativeTarget";
         buildConfigurationList = "OBJ_152";
         buildPhases = (
            "OBJ_155",
            "OBJ_157",
            "OBJ_159"
         );
         dependencies = (
         );
         name = "CNIODarwin";
         productName = "CNIODarwin";
         productReference = "swift-nio::CNIODarwin::Product";
         productType = "com.apple.product-type.framework";
      };
      "swift-nio::CNIODarwin::Product" = {
         isa = "PBXFileReference";
         path = "CNIODarwin.framework";
         sourceTree = "BUILT_PRODUCTS_DIR";
      };
      "swift-nio::CNIOHTTPParser" = {
         isa = "PBXNativeTarget";
         buildConfigurationList = "OBJ_161";
         buildPhases = (
            "OBJ_164",
            "OBJ_166",
            "OBJ_169"
         );
         dependencies = (
         );
         name = "CNIOHTTPParser";
         productName = "CNIOHTTPParser";
         productReference = "swift-nio::CNIOHTTPParser::Product";
         productType = "com.apple.product-type.framework";
      };
      "swift-nio::CNIOHTTPParser::Product" = {
         isa = "PBXFileReference";
         path = "CNIOHTTPParser.framework";
         sourceTree = "BUILT_PRODUCTS_DIR";
      };
      "swift-nio::CNIOLinux" = {
         isa = "PBXNativeTarget";
         buildConfigurationList = "OBJ_171";
         buildPhases = (
            "OBJ_174",
            "OBJ_177",
            "OBJ_180"
         );
         dependencies = (
         );
         name = "CNIOLinux";
         productName = "CNIOLinux";
         productReference = "swift-nio::CNIOLinux::Product";
         productType = "com.apple.product-type.framework";
      };
      "swift-nio::CNIOLinux::Product" = {
         isa = "PBXFileReference";
         path = "CNIOLinux.framework";
         sourceTree = "BUILT_PRODUCTS_DIR";
      };
      "swift-nio::CNIOSHA1" = {
         isa = "PBXNativeTarget";
         buildConfigurationList = "OBJ_182";
         buildPhases = (
            "OBJ_185",
            "OBJ_187",
            "OBJ_189"
         );
         dependencies = (
         );
         name = "CNIOSHA1";
         productName = "CNIOSHA1";
         productReference = "swift-nio::CNIOSHA1::Product";
         productType = "com.apple.product-type.framework";
      };
      "swift-nio::CNIOSHA1::Product" = {
         isa = "PBXFileReference";
         path = "CNIOSHA1.framework";
         sourceTree = "BUILT_PRODUCTS_DIR";
      };
      "swift-nio::CNIOZlib" = {
         isa = "PBXNativeTarget";
         buildConfigurationList = "OBJ_191";
         buildPhases = (
            "OBJ_194",
            "OBJ_196",
            "OBJ_198"
         );
         dependencies = (
         );
         name = "CNIOZlib";
         productName = "CNIOZlib";
         productReference = "swift-nio::CNIOZlib::Product";
         productType = "com.apple.product-type.framework";
      };
      "swift-nio::CNIOZlib::Product" = {
         isa = "PBXFileReference";
         path = "CNIOZlib.framework";
         sourceTree = "BUILT_PRODUCTS_DIR";
      };
      "swift-nio::NIO" = {
         isa = "PBXNativeTarget";
         buildConfigurationList = "OBJ_207";
         buildPhases = (
            "OBJ_210",
            "OBJ_266"
         );
         dependencies = (
            "OBJ_273",
            "OBJ_274",
            "OBJ_276",
            "OBJ_278",
            "OBJ_279",
            "OBJ_280"
         );
         name = "NIO";
         productName = "NIO";
         productReference = "swift-nio::NIO::Product";
         productType = "com.apple.product-type.framework";
      };
      "swift-nio::NIO::Product" = {
         isa = "PBXFileReference";
         path = "NIO.framework";
         sourceTree = "BUILT_PRODUCTS_DIR";
      };
      "swift-nio::NIOConcurrencyHelpers" = {
         isa = "PBXNativeTarget";
         buildConfigurationList = "OBJ_281";
         buildPhases = (
            "OBJ_284",
            "OBJ_287"
         );
         dependencies = (
            "OBJ_289"
         );
         name = "NIOConcurrencyHelpers";
         productName = "NIOConcurrencyHelpers";
         productReference = "swift-nio::NIOConcurrencyHelpers::Product";
         productType = "com.apple.product-type.framework";
      };
      "swift-nio::NIOConcurrencyHelpers::Product" = {
         isa = "PBXFileReference";
         path = "NIOConcurrencyHelpers.framework";
         sourceTree = "BUILT_PRODUCTS_DIR";
      };
      "swift-nio::NIOHTTP1" = {
         isa = "PBXNativeTarget";
         buildConfigurationList = "OBJ_291";
         buildPhases = (
            "OBJ_294",
            "OBJ_304"
         );
         dependencies = (
            "OBJ_314",
            "OBJ_315",
            "OBJ_316",
            "OBJ_317",
            "OBJ_318",
            "OBJ_319",
            "OBJ_320",
            "OBJ_321",
            "OBJ_322"
         );
         name = "NIOHTTP1";
         productName = "NIOHTTP1";
         productReference = "swift-nio::NIOHTTP1::Product";
         productType = "com.apple.product-type.framework";
      };
      "swift-nio::NIOHTTP1::Product" = {
         isa = "PBXFileReference";
         path = "NIOHTTP1.framework";
         sourceTree = "BUILT_PRODUCTS_DIR";
      };
      "swift-nio::NIOPriorityQueue" = {
         isa = "PBXNativeTarget";
         buildConfigurationList = "OBJ_323";
         buildPhases = (
            "OBJ_326",
            "OBJ_329"
         );
         dependencies = (
         );
         name = "NIOPriorityQueue";
         productName = "NIOPriorityQueue";
         productReference = "swift-nio::NIOPriorityQueue::Product";
         productType = "com.apple.product-type.framework";
      };
      "swift-nio::NIOPriorityQueue::Product" = {
         isa = "PBXFileReference";
         path = "NIOPriorityQueue.framework";
         sourceTree = "BUILT_PRODUCTS_DIR";
      };
      "swift-nio::SwiftPMPackageDescription" = {
         isa = "PBXNativeTarget";
         buildConfigurationList = "OBJ_364";
         buildPhases = (
            "OBJ_367"
         );
         dependencies = (
         );
         name = "swift-nioPackageDescription";
         productName = "swift-nioPackageDescription";
         productType = "com.apple.product-type.framework";
      };
   };
   rootObject = "OBJ_1";
}
